// !$*UTF8*$!
{
	archiveVersion = 1;
	classes = {
	};
	objectVersion = 46;
	objects = {

/* Begin PBXBuildFile section */
		8B33DF67196944700080E7FD /* ASIAuthenticationDialog.m in Sources */ = {isa = PBXBuildFile; fileRef = 8B33DF54196944700080E7FD /* ASIAuthenticationDialog.m */; settings = {COMPILER_FLAGS = "-fno-objc-arc"; }; };
		8B33DF68196944700080E7FD /* ASIDataCompressor.m in Sources */ = {isa = PBXBuildFile; fileRef = 8B33DF57196944700080E7FD /* ASIDataCompressor.m */; settings = {COMPILER_FLAGS = "-fno-objc-arc"; }; };
		8B33DF69196944700080E7FD /* ASIDataDecompressor.m in Sources */ = {isa = PBXBuildFile; fileRef = 8B33DF59196944700080E7FD /* ASIDataDecompressor.m */; settings = {COMPILER_FLAGS = "-fno-objc-arc"; }; };
		8B33DF6A196944700080E7FD /* ASIDownloadCache.m in Sources */ = {isa = PBXBuildFile; fileRef = 8B33DF5B196944700080E7FD /* ASIDownloadCache.m */; settings = {COMPILER_FLAGS = "-fno-objc-arc"; }; };
		8B33DF6B196944700080E7FD /* ASIFormDataRequest.m in Sources */ = {isa = PBXBuildFile; fileRef = 8B33DF5D196944700080E7FD /* ASIFormDataRequest.m */; settings = {COMPILER_FLAGS = "-fno-objc-arc"; }; };
		8B33DF6C196944700080E7FD /* ASIHTTPRequest.m in Sources */ = {isa = PBXBuildFile; fileRef = 8B33DF5F196944700080E7FD /* ASIHTTPRequest.m */; settings = {COMPILER_FLAGS = "-fno-objc-arc"; }; };
		8B33DF6D196944700080E7FD /* ASIInputStream.m in Sources */ = {isa = PBXBuildFile; fileRef = 8B33DF63196944700080E7FD /* ASIInputStream.m */; settings = {COMPILER_FLAGS = "-fno-objc-arc"; }; };
		8B33DF6E196944700080E7FD /* ASINetworkQueue.m in Sources */ = {isa = PBXBuildFile; fileRef = 8B33DF65196944700080E7FD /* ASINetworkQueue.m */; settings = {COMPILER_FLAGS = "-fno-objc-arc"; }; };
		8B33DF71196944CB0080E7FD /* Reachability.m in Sources */ = {isa = PBXBuildFile; fileRef = 8B33DF70196944CB0080E7FD /* Reachability.m */; settings = {COMPILER_FLAGS = "-fno-objc-arc"; }; };
		8B33DF731969450F0080E7FD /* CFNetwork.framework in Frameworks */ = {isa = PBXBuildFile; fileRef = 8B33DF721969450F0080E7FD /* CFNetwork.framework */; };
		8B33DF75196945190080E7FD /* SystemConfiguration.framework in Frameworks */ = {isa = PBXBuildFile; fileRef = 8B33DF74196945190080E7FD /* SystemConfiguration.framework */; };
		8B33DF77196945230080E7FD /* MobileCoreServices.framework in Frameworks */ = {isa = PBXBuildFile; fileRef = 8B33DF76196945230080E7FD /* MobileCoreServices.framework */; };
		8B33DF79196945380080E7FD /* libz.1.2.5.dylib in Frameworks */ = {isa = PBXBuildFile; fileRef = 8B33DF78196945380080E7FD /* libz.1.2.5.dylib */; };
		8B851CC619683A29008DC90D /* Foundation.framework in Frameworks */ = {isa = PBXBuildFile; fileRef = 8B851CC519683A29008DC90D /* Foundation.framework */; };
		8B851CC819683A29008DC90D /* CoreGraphics.framework in Frameworks */ = {isa = PBXBuildFile; fileRef = 8B851CC719683A29008DC90D /* CoreGraphics.framework */; };
		8B851CCA19683A29008DC90D /* UIKit.framework in Frameworks */ = {isa = PBXBuildFile; fileRef = 8B851CC919683A29008DC90D /* UIKit.framework */; };
		8B851CD019683A29008DC90D /* InfoPlist.strings in Resources */ = {isa = PBXBuildFile; fileRef = 8B851CCE19683A29008DC90D /* InfoPlist.strings */; };
		8B851CD219683A29008DC90D /* main.m in Sources */ = {isa = PBXBuildFile; fileRef = 8B851CD119683A29008DC90D /* main.m */; };
		8B851CD619683A29008DC90D /* AppDelegate.m in Sources */ = {isa = PBXBuildFile; fileRef = 8B851CD519683A29008DC90D /* AppDelegate.m */; };
		8B851CD819683A29008DC90D /* Images.xcassets in Resources */ = {isa = PBXBuildFile; fileRef = 8B851CD719683A29008DC90D /* Images.xcassets */; };
		8B851CDF19683A29008DC90D /* XCTest.framework in Frameworks */ = {isa = PBXBuildFile; fileRef = 8B851CDE19683A29008DC90D /* XCTest.framework */; };
		8B851CE019683A29008DC90D /* Foundation.framework in Frameworks */ = {isa = PBXBuildFile; fileRef = 8B851CC519683A29008DC90D /* Foundation.framework */; };
		8B851CE119683A29008DC90D /* UIKit.framework in Frameworks */ = {isa = PBXBuildFile; fileRef = 8B851CC919683A29008DC90D /* UIKit.framework */; };
		8B851CE919683A29008DC90D /* InfoPlist.strings in Resources */ = {isa = PBXBuildFile; fileRef = 8B851CE719683A29008DC90D /* InfoPlist.strings */; };
		8B851CEB19683A29008DC90D /* DinnerTests.m in Sources */ = {isa = PBXBuildFile; fileRef = 8B851CEA19683A29008DC90D /* DinnerTests.m */; };
		8B851CF919683E8F008DC90D /* BaseTabBarController.m in Sources */ = {isa = PBXBuildFile; fileRef = 8B851CF819683E8F008DC90D /* BaseTabBarController.m */; };
		8B851CFC19683F7A008DC90D /* BaseNavigationController.m in Sources */ = {isa = PBXBuildFile; fileRef = 8B851CFB19683F7A008DC90D /* BaseNavigationController.m */; };
		8B851D0019684125008DC90D /* HomeViewController.m in Sources */ = {isa = PBXBuildFile; fileRef = 8B851CFF19684125008DC90D /* HomeViewController.m */; };
		8B851D031968413B008DC90D /* CenterViewController.m in Sources */ = {isa = PBXBuildFile; fileRef = 8B851D021968413B008DC90D /* CenterViewController.m */; };
		8B851D0619684215008DC90D /* MoreViewController.m in Sources */ = {isa = PBXBuildFile; fileRef = 8B851D0519684215008DC90D /* MoreViewController.m */; };
		8B851D0919684C35008DC90D /* MenuViewController.m in Sources */ = {isa = PBXBuildFile; fileRef = 8B851D0819684C35008DC90D /* MenuViewController.m */; };
/* End PBXBuildFile section */

/* Begin PBXContainerItemProxy section */
		8B851CE219683A29008DC90D /* PBXContainerItemProxy */ = {
			isa = PBXContainerItemProxy;
			containerPortal = 8B851CBA19683A29008DC90D /* Project object */;
			proxyType = 1;
			remoteGlobalIDString = 8B851CC119683A29008DC90D;
			remoteInfo = Dinner;
		};
/* End PBXContainerItemProxy section */

/* Begin PBXFileReference section */
		8B33DF3519693D270080E7FD /* config.h */ = {isa = PBXFileReference; lastKnownFileType = sourcecode.c.h; path = config.h; sourceTree = "<group>"; };
		8B33DF53196944700080E7FD /* ASIAuthenticationDialog.h */ = {isa = PBXFileReference; fileEncoding = 4; lastKnownFileType = sourcecode.c.h; path = ASIAuthenticationDialog.h; sourceTree = "<group>"; };
		8B33DF54196944700080E7FD /* ASIAuthenticationDialog.m */ = {isa = PBXFileReference; fileEncoding = 4; lastKnownFileType = sourcecode.c.objc; path = ASIAuthenticationDialog.m; sourceTree = "<group>"; };
		8B33DF55196944700080E7FD /* ASICacheDelegate.h */ = {isa = PBXFileReference; fileEncoding = 4; lastKnownFileType = sourcecode.c.h; path = ASICacheDelegate.h; sourceTree = "<group>"; };
		8B33DF56196944700080E7FD /* ASIDataCompressor.h */ = {isa = PBXFileReference; fileEncoding = 4; lastKnownFileType = sourcecode.c.h; path = ASIDataCompressor.h; sourceTree = "<group>"; };
		8B33DF57196944700080E7FD /* ASIDataCompressor.m */ = {isa = PBXFileReference; fileEncoding = 4; lastKnownFileType = sourcecode.c.objc; path = ASIDataCompressor.m; sourceTree = "<group>"; };
		8B33DF58196944700080E7FD /* ASIDataDecompressor.h */ = {isa = PBXFileReference; fileEncoding = 4; lastKnownFileType = sourcecode.c.h; path = ASIDataDecompressor.h; sourceTree = "<group>"; };
		8B33DF59196944700080E7FD /* ASIDataDecompressor.m */ = {isa = PBXFileReference; fileEncoding = 4; lastKnownFileType = sourcecode.c.objc; path = ASIDataDecompressor.m; sourceTree = "<group>"; };
		8B33DF5A196944700080E7FD /* ASIDownloadCache.h */ = {isa = PBXFileReference; fileEncoding = 4; lastKnownFileType = sourcecode.c.h; path = ASIDownloadCache.h; sourceTree = "<group>"; };
		8B33DF5B196944700080E7FD /* ASIDownloadCache.m */ = {isa = PBXFileReference; fileEncoding = 4; lastKnownFileType = sourcecode.c.objc; path = ASIDownloadCache.m; sourceTree = "<group>"; };
		8B33DF5C196944700080E7FD /* ASIFormDataRequest.h */ = {isa = PBXFileReference; fileEncoding = 4; lastKnownFileType = sourcecode.c.h; path = ASIFormDataRequest.h; sourceTree = "<group>"; };
		8B33DF5D196944700080E7FD /* ASIFormDataRequest.m */ = {isa = PBXFileReference; fileEncoding = 4; lastKnownFileType = sourcecode.c.objc; path = ASIFormDataRequest.m; sourceTree = "<group>"; };
		8B33DF5E196944700080E7FD /* ASIHTTPRequest.h */ = {isa = PBXFileReference; fileEncoding = 4; lastKnownFileType = sourcecode.c.h; path = ASIHTTPRequest.h; sourceTree = "<group>"; };
		8B33DF5F196944700080E7FD /* ASIHTTPRequest.m */ = {isa = PBXFileReference; fileEncoding = 4; lastKnownFileType = sourcecode.c.objc; path = ASIHTTPRequest.m; sourceTree = "<group>"; };
		8B33DF60196944700080E7FD /* ASIHTTPRequestConfig.h */ = {isa = PBXFileReference; fileEncoding = 4; lastKnownFileType = sourcecode.c.h; path = ASIHTTPRequestConfig.h; sourceTree = "<group>"; };
		8B33DF61196944700080E7FD /* ASIHTTPRequestDelegate.h */ = {isa = PBXFileReference; fileEncoding = 4; lastKnownFileType = sourcecode.c.h; path = ASIHTTPRequestDelegate.h; sourceTree = "<group>"; };
		8B33DF62196944700080E7FD /* ASIInputStream.h */ = {isa = PBXFileReference; fileEncoding = 4; lastKnownFileType = sourcecode.c.h; path = ASIInputStream.h; sourceTree = "<group>"; };
		8B33DF63196944700080E7FD /* ASIInputStream.m */ = {isa = PBXFileReference; fileEncoding = 4; lastKnownFileType = sourcecode.c.objc; path = ASIInputStream.m; sourceTree = "<group>"; };
		8B33DF64196944700080E7FD /* ASINetworkQueue.h */ = {isa = PBXFileReference; fileEncoding = 4; lastKnownFileType = sourcecode.c.h; path = ASINetworkQueue.h; sourceTree = "<group>"; };
		8B33DF65196944700080E7FD /* ASINetworkQueue.m */ = {isa = PBXFileReference; fileEncoding = 4; lastKnownFileType = sourcecode.c.objc; path = ASINetworkQueue.m; sourceTree = "<group>"; };
		8B33DF66196944700080E7FD /* ASIProgressDelegate.h */ = {isa = PBXFileReference; fileEncoding = 4; lastKnownFileType = sourcecode.c.h; path = ASIProgressDelegate.h; sourceTree = "<group>"; };
		8B33DF6F196944CB0080E7FD /* Reachability.h */ = {isa = PBXFileReference; fileEncoding = 4; lastKnownFileType = sourcecode.c.h; path = Reachability.h; sourceTree = "<group>"; };
		8B33DF70196944CB0080E7FD /* Reachability.m */ = {isa = PBXFileReference; fileEncoding = 4; lastKnownFileType = sourcecode.c.objc; path = Reachability.m; sourceTree = "<group>"; };
		8B33DF721969450F0080E7FD /* CFNetwork.framework */ = {isa = PBXFileReference; lastKnownFileType = wrapper.framework; name = CFNetwork.framework; path = System/Library/Frameworks/CFNetwork.framework; sourceTree = SDKROOT; };
		8B33DF74196945190080E7FD /* SystemConfiguration.framework */ = {isa = PBXFileReference; lastKnownFileType = wrapper.framework; name = SystemConfiguration.framework; path = System/Library/Frameworks/SystemConfiguration.framework; sourceTree = SDKROOT; };
		8B33DF76196945230080E7FD /* MobileCoreServices.framework */ = {isa = PBXFileReference; lastKnownFileType = wrapper.framework; name = MobileCoreServices.framework; path = System/Library/Frameworks/MobileCoreServices.framework; sourceTree = SDKROOT; };
		8B33DF78196945380080E7FD /* libz.1.2.5.dylib */ = {isa = PBXFileReference; lastKnownFileType = "compiled.mach-o.dylib"; name = libz.1.2.5.dylib; path = usr/lib/libz.1.2.5.dylib; sourceTree = SDKROOT; };
		8B851CC219683A29008DC90D /* Dinner.app */ = {isa = PBXFileReference; explicitFileType = wrapper.application; includeInIndex = 0; path = Dinner.app; sourceTree = BUILT_PRODUCTS_DIR; };
		8B851CC519683A29008DC90D /* Foundation.framework */ = {isa = PBXFileReference; lastKnownFileType = wrapper.framework; name = Foundation.framework; path = System/Library/Frameworks/Foundation.framework; sourceTree = SDKROOT; };
		8B851CC719683A29008DC90D /* CoreGraphics.framework */ = {isa = PBXFileReference; lastKnownFileType = wrapper.framework; name = CoreGraphics.framework; path = System/Library/Frameworks/CoreGraphics.framework; sourceTree = SDKROOT; };
		8B851CC919683A29008DC90D /* UIKit.framework */ = {isa = PBXFileReference; lastKnownFileType = wrapper.framework; name = UIKit.framework; path = System/Library/Frameworks/UIKit.framework; sourceTree = SDKROOT; };
		8B851CCD19683A29008DC90D /* Dinner-Info.plist */ = {isa = PBXFileReference; lastKnownFileType = text.plist.xml; path = "Dinner-Info.plist"; sourceTree = "<group>"; };
		8B851CCF19683A29008DC90D /* en */ = {isa = PBXFileReference; lastKnownFileType = text.plist.strings; name = en; path = en.lproj/InfoPlist.strings; sourceTree = "<group>"; };
		8B851CD119683A29008DC90D /* main.m */ = {isa = PBXFileReference; lastKnownFileType = sourcecode.c.objc; path = main.m; sourceTree = "<group>"; };
		8B851CD319683A29008DC90D /* Dinner-Prefix.pch */ = {isa = PBXFileReference; lastKnownFileType = sourcecode.c.h; path = "Dinner-Prefix.pch"; sourceTree = "<group>"; };
		8B851CD419683A29008DC90D /* AppDelegate.h */ = {isa = PBXFileReference; lastKnownFileType = sourcecode.c.h; path = AppDelegate.h; sourceTree = "<group>"; };
		8B851CD519683A29008DC90D /* AppDelegate.m */ = {isa = PBXFileReference; lastKnownFileType = sourcecode.c.objc; path = AppDelegate.m; sourceTree = "<group>"; };
		8B851CD719683A29008DC90D /* Images.xcassets */ = {isa = PBXFileReference; lastKnownFileType = folder.assetcatalog; path = Images.xcassets; sourceTree = "<group>"; };
		8B851CDD19683A29008DC90D /* DinnerTests.xctest */ = {isa = PBXFileReference; explicitFileType = wrapper.cfbundle; includeInIndex = 0; path = DinnerTests.xctest; sourceTree = BUILT_PRODUCTS_DIR; };
		8B851CDE19683A29008DC90D /* XCTest.framework */ = {isa = PBXFileReference; lastKnownFileType = wrapper.framework; name = XCTest.framework; path = Library/Frameworks/XCTest.framework; sourceTree = DEVELOPER_DIR; };
		8B851CE619683A29008DC90D /* DinnerTests-Info.plist */ = {isa = PBXFileReference; lastKnownFileType = text.plist.xml; path = "DinnerTests-Info.plist"; sourceTree = "<group>"; };
		8B851CE819683A29008DC90D /* en */ = {isa = PBXFileReference; lastKnownFileType = text.plist.strings; name = en; path = en.lproj/InfoPlist.strings; sourceTree = "<group>"; };
		8B851CEA19683A29008DC90D /* DinnerTests.m */ = {isa = PBXFileReference; lastKnownFileType = sourcecode.c.objc; path = DinnerTests.m; sourceTree = "<group>"; };
		8B851CF719683E8F008DC90D /* BaseTabBarController.h */ = {isa = PBXFileReference; fileEncoding = 4; lastKnownFileType = sourcecode.c.h; path = BaseTabBarController.h; sourceTree = "<group>"; };
		8B851CF819683E8F008DC90D /* BaseTabBarController.m */ = {isa = PBXFileReference; fileEncoding = 4; lastKnownFileType = sourcecode.c.objc; path = BaseTabBarController.m; sourceTree = "<group>"; };
		8B851CFA19683F7A008DC90D /* BaseNavigationController.h */ = {isa = PBXFileReference; fileEncoding = 4; lastKnownFileType = sourcecode.c.h; path = BaseNavigationController.h; sourceTree = "<group>"; };
		8B851CFB19683F7A008DC90D /* BaseNavigationController.m */ = {isa = PBXFileReference; fileEncoding = 4; lastKnownFileType = sourcecode.c.objc; path = BaseNavigationController.m; sourceTree = "<group>"; };
		8B851CFE19684125008DC90D /* HomeViewController.h */ = {isa = PBXFileReference; fileEncoding = 4; lastKnownFileType = sourcecode.c.h; path = HomeViewController.h; sourceTree = "<group>"; };
		8B851CFF19684125008DC90D /* HomeViewController.m */ = {isa = PBXFileReference; fileEncoding = 4; lastKnownFileType = sourcecode.c.objc; path = HomeViewController.m; sourceTree = "<group>"; };
		8B851D011968413B008DC90D /* CenterViewController.h */ = {isa = PBXFileReference; fileEncoding = 4; lastKnownFileType = sourcecode.c.h; path = CenterViewController.h; sourceTree = "<group>"; };
		8B851D021968413B008DC90D /* CenterViewController.m */ = {isa = PBXFileReference; fileEncoding = 4; lastKnownFileType = sourcecode.c.objc; path = CenterViewController.m; sourceTree = "<group>"; };
		8B851D0419684215008DC90D /* MoreViewController.h */ = {isa = PBXFileReference; fileEncoding = 4; lastKnownFileType = sourcecode.c.h; path = MoreViewController.h; sourceTree = "<group>"; };
		8B851D0519684215008DC90D /* MoreViewController.m */ = {isa = PBXFileReference; fileEncoding = 4; lastKnownFileType = sourcecode.c.objc; path = MoreViewController.m; sourceTree = "<group>"; };
		8B851D0719684C35008DC90D /* MenuViewController.h */ = {isa = PBXFileReference; fileEncoding = 4; lastKnownFileType = sourcecode.c.h; path = MenuViewController.h; sourceTree = "<group>"; };
		8B851D0819684C35008DC90D /* MenuViewController.m */ = {isa = PBXFileReference; fileEncoding = 4; lastKnownFileType = sourcecode.c.objc; path = MenuViewController.m; sourceTree = "<group>"; };
/* End PBXFileReference section */

/* Begin PBXFrameworksBuildPhase section */
		8B851CBF19683A29008DC90D /* Frameworks */ = {
			isa = PBXFrameworksBuildPhase;
			buildActionMask = 2147483647;
			files = (
				8B33DF79196945380080E7FD /* libz.1.2.5.dylib in Frameworks */,
				8B851CC819683A29008DC90D /* CoreGraphics.framework in Frameworks */,
				8B33DF77196945230080E7FD /* MobileCoreServices.framework in Frameworks */,
				8B33DF75196945190080E7FD /* SystemConfiguration.framework in Frameworks */,
				8B33DF731969450F0080E7FD /* CFNetwork.framework in Frameworks */,
				8B851CCA19683A29008DC90D /* UIKit.framework in Frameworks */,
				8B851CC619683A29008DC90D /* Foundation.framework in Frameworks */,
			);
			runOnlyForDeploymentPostprocessing = 0;
		};
		8B851CDA19683A29008DC90D /* Frameworks */ = {
			isa = PBXFrameworksBuildPhase;
			buildActionMask = 2147483647;
			files = (
				8B851CDF19683A29008DC90D /* XCTest.framework in Frameworks */,
				8B851CE119683A29008DC90D /* UIKit.framework in Frameworks */,
				8B851CE019683A29008DC90D /* Foundation.framework in Frameworks */,
			);
			runOnlyForDeploymentPostprocessing = 0;
		};
/* End PBXFrameworksBuildPhase section */

/* Begin PBXGroup section */
		8B33DF36196943750080E7FD /* ASIHTTPRequest */ = {
			isa = PBXGroup;
			children = (
				8B33DF6F196944CB0080E7FD /* Reachability.h */,
				8B33DF70196944CB0080E7FD /* Reachability.m */,
				8B33DF53196944700080E7FD /* ASIAuthenticationDialog.h */,
				8B33DF54196944700080E7FD /* ASIAuthenticationDialog.m */,
				8B33DF55196944700080E7FD /* ASICacheDelegate.h */,
				8B33DF56196944700080E7FD /* ASIDataCompressor.h */,
				8B33DF57196944700080E7FD /* ASIDataCompressor.m */,
				8B33DF58196944700080E7FD /* ASIDataDecompressor.h */,
				8B33DF59196944700080E7FD /* ASIDataDecompressor.m */,
				8B33DF5A196944700080E7FD /* ASIDownloadCache.h */,
				8B33DF5B196944700080E7FD /* ASIDownloadCache.m */,
				8B33DF5C196944700080E7FD /* ASIFormDataRequest.h */,
				8B33DF5D196944700080E7FD /* ASIFormDataRequest.m */,
				8B33DF5E196944700080E7FD /* ASIHTTPRequest.h */,
				8B33DF5F196944700080E7FD /* ASIHTTPRequest.m */,
				8B33DF60196944700080E7FD /* ASIHTTPRequestConfig.h */,
				8B33DF61196944700080E7FD /* ASIHTTPRequestDelegate.h */,
				8B33DF62196944700080E7FD /* ASIInputStream.h */,
				8B33DF63196944700080E7FD /* ASIInputStream.m */,
				8B33DF64196944700080E7FD /* ASINetworkQueue.h */,
				8B33DF65196944700080E7FD /* ASINetworkQueue.m */,
				8B33DF66196944700080E7FD /* ASIProgressDelegate.h */,
			);
			name = ASIHTTPRequest;
			sourceTree = "<group>";
		};
		8B851CB919683A29008DC90D = {
			isa = PBXGroup;
			children = (
				8B851CCB19683A29008DC90D /* Dinner */,
				8B851CE419683A29008DC90D /* DinnerTests */,
				8B851CC419683A29008DC90D /* Frameworks */,
				8B851CC319683A29008DC90D /* Products */,
			);
			sourceTree = "<group>";
		};
		8B851CC319683A29008DC90D /* Products */ = {
			isa = PBXGroup;
			children = (
				8B851CC219683A29008DC90D /* Dinner.app */,
				8B851CDD19683A29008DC90D /* DinnerTests.xctest */,
			);
			name = Products;
			sourceTree = "<group>";
		};
		8B851CC419683A29008DC90D /* Frameworks */ = {
			isa = PBXGroup;
			children = (
				8B33DF78196945380080E7FD /* libz.1.2.5.dylib */,
				8B33DF76196945230080E7FD /* MobileCoreServices.framework */,
				8B33DF74196945190080E7FD /* SystemConfiguration.framework */,
				8B33DF721969450F0080E7FD /* CFNetwork.framework */,
				8B851CC519683A29008DC90D /* Foundation.framework */,
				8B851CC719683A29008DC90D /* CoreGraphics.framework */,
				8B851CC919683A29008DC90D /* UIKit.framework */,
				8B851CDE19683A29008DC90D /* XCTest.framework */,
			);
			name = Frameworks;
			sourceTree = "<group>";
		};
		8B851CCB19683A29008DC90D /* Dinner */ = {
			isa = PBXGroup;
			children = (
				8B851CFD196840FE008DC90D /* app */,
				8B851CF619683DD8008DC90D /* base */,
				8B851CF519683A6E008DC90D /* conf */,
				8B851CF419683A60008DC90D /* class */,
				8B851CD719683A29008DC90D /* Images.xcassets */,
				8B851CCC19683A29008DC90D /* Supporting Files */,
			);
			path = Dinner;
			sourceTree = "<group>";
		};
		8B851CCC19683A29008DC90D /* Supporting Files */ = {
			isa = PBXGroup;
			children = (
				8B851CCD19683A29008DC90D /* Dinner-Info.plist */,
				8B851CCE19683A29008DC90D /* InfoPlist.strings */,
				8B851CD119683A29008DC90D /* main.m */,
				8B851CD319683A29008DC90D /* Dinner-Prefix.pch */,
			);
			name = "Supporting Files";
			sourceTree = "<group>";
		};
		8B851CE419683A29008DC90D /* DinnerTests */ = {
			isa = PBXGroup;
			children = (
				8B851CEA19683A29008DC90D /* DinnerTests.m */,
				8B851CE519683A29008DC90D /* Supporting Files */,
			);
			path = DinnerTests;
			sourceTree = "<group>";
		};
		8B851CE519683A29008DC90D /* Supporting Files */ = {
			isa = PBXGroup;
			children = (
				8B851CE619683A29008DC90D /* DinnerTests-Info.plist */,
				8B851CE719683A29008DC90D /* InfoPlist.strings */,
			);
			name = "Supporting Files";
			sourceTree = "<group>";
		};
		8B851CF419683A60008DC90D /* class */ = {
			isa = PBXGroup;
			children = (
				8B33DF36196943750080E7FD /* ASIHTTPRequest */,
			);
			name = class;
			sourceTree = "<group>";
		};
		8B851CF519683A6E008DC90D /* conf */ = {
			isa = PBXGroup;
			children = (
				8B33DF3519693D270080E7FD /* config.h */,
			);
			name = conf;
			sourceTree = "<group>";
		};
		8B851CF619683DD8008DC90D /* base */ = {
			isa = PBXGroup;
			children = (
				8B851CD419683A29008DC90D /* AppDelegate.h */,
				8B851CD519683A29008DC90D /* AppDelegate.m */,
				8B851CFA19683F7A008DC90D /* BaseNavigationController.h */,
				8B851CFB19683F7A008DC90D /* BaseNavigationController.m */,
				8B851CF719683E8F008DC90D /* BaseTabBarController.h */,
				8B851CF819683E8F008DC90D /* BaseTabBarController.m */,
			);
			name = base;
			sourceTree = "<group>";
		};
		8B851CFD196840FE008DC90D /* app */ = {
			isa = PBXGroup;
			children = (
				8B851CFE19684125008DC90D /* HomeViewController.h */,
				8B851CFF19684125008DC90D /* HomeViewController.m */,
				8B851D011968413B008DC90D /* CenterViewController.h */,
				8B851D021968413B008DC90D /* CenterViewController.m */,
				8B851D0419684215008DC90D /* MoreViewController.h */,
				8B851D0519684215008DC90D /* MoreViewController.m */,
				8B851D0719684C35008DC90D /* MenuViewController.h */,
				8B851D0819684C35008DC90D /* MenuViewController.m */,
			);
			name = app;
			sourceTree = "<group>";
		};
/* End PBXGroup section */

/* Begin PBXNativeTarget section */
		8B851CC119683A29008DC90D /* Dinner */ = {
			isa = PBXNativeTarget;
			buildConfigurationList = 8B851CEE19683A29008DC90D /* Build configuration list for PBXNativeTarget "Dinner" */;
			buildPhases = (
				8B851CBE19683A29008DC90D /* Sources */,
				8B851CBF19683A29008DC90D /* Frameworks */,
				8B851CC019683A29008DC90D /* Resources */,
			);
			buildRules = (
			);
			dependencies = (
			);
			name = Dinner;
			productName = Dinner;
			productReference = 8B851CC219683A29008DC90D /* Dinner.app */;
			productType = "com.apple.product-type.application";
		};
		8B851CDC19683A29008DC90D /* DinnerTests */ = {
			isa = PBXNativeTarget;
			buildConfigurationList = 8B851CF119683A29008DC90D /* Build configuration list for PBXNativeTarget "DinnerTests" */;
			buildPhases = (
				8B851CD919683A29008DC90D /* Sources */,
				8B851CDA19683A29008DC90D /* Frameworks */,
				8B851CDB19683A29008DC90D /* Resources */,
			);
			buildRules = (
			);
			dependencies = (
				8B851CE319683A29008DC90D /* PBXTargetDependency */,
			);
			name = DinnerTests;
			productName = DinnerTests;
			productReference = 8B851CDD19683A29008DC90D /* DinnerTests.xctest */;
			productType = "com.apple.product-type.bundle.unit-test";
		};
/* End PBXNativeTarget section */

/* Begin PBXProject section */
		8B851CBA19683A29008DC90D /* Project object */ = {
			isa = PBXProject;
			attributes = {
				LastUpgradeCheck = 0510;
				ORGANIZATIONNAME = "周加飞";
				TargetAttributes = {
					8B851CDC19683A29008DC90D = {
						TestTargetID = 8B851CC119683A29008DC90D;
					};
				};
			};
			buildConfigurationList = 8B851CBD19683A29008DC90D /* Build configuration list for PBXProject "Dinner" */;
			compatibilityVersion = "Xcode 3.2";
			developmentRegion = English;
			hasScannedForEncodings = 0;
			knownRegions = (
				en,
			);
			mainGroup = 8B851CB919683A29008DC90D;
			productRefGroup = 8B851CC319683A29008DC90D /* Products */;
			projectDirPath = "";
			projectRoot = "";
			targets = (
				8B851CC119683A29008DC90D /* Dinner */,
				8B851CDC19683A29008DC90D /* DinnerTests */,
			);
		};
/* End PBXProject section */

/* Begin PBXResourcesBuildPhase section */
		8B851CC019683A29008DC90D /* Resources */ = {
			isa = PBXResourcesBuildPhase;
			buildActionMask = 2147483647;
			files = (
				8B851CD019683A29008DC90D /* InfoPlist.strings in Resources */,
				8B851CD819683A29008DC90D /* Images.xcassets in Resources */,
			);
			runOnlyForDeploymentPostprocessing = 0;
		};
		8B851CDB19683A29008DC90D /* Resources */ = {
			isa = PBXResourcesBuildPhase;
			buildActionMask = 2147483647;
			files = (
				8B851CE919683A29008DC90D /* InfoPlist.strings in Resources */,
			);
			runOnlyForDeploymentPostprocessing = 0;
		};
/* End PBXResourcesBuildPhase section */

/* Begin PBXSourcesBuildPhase section */
		8B851CBE19683A29008DC90D /* Sources */ = {
			isa = PBXSourcesBuildPhase;
			buildActionMask = 2147483647;
			files = (
				8B33DF68196944700080E7FD /* ASIDataCompressor.m in Sources */,
				8B851CFC19683F7A008DC90D /* BaseNavigationController.m in Sources */,
				8B33DF6B196944700080E7FD /* ASIFormDataRequest.m in Sources */,
				8B33DF6A196944700080E7FD /* ASIDownloadCache.m in Sources */,
				8B851CD619683A29008DC90D /* AppDelegate.m in Sources */,
				8B851CF919683E8F008DC90D /* BaseTabBarController.m in Sources */,
				8B851D0919684C35008DC90D /* MenuViewController.m in Sources */,
				8B33DF67196944700080E7FD /* ASIAuthenticationDialog.m in Sources */,
				8B33DF6E196944700080E7FD /* ASINetworkQueue.m in Sources */,
				8B851D0019684125008DC90D /* HomeViewController.m in Sources */,
				8B851CD219683A29008DC90D /* main.m in Sources */,
				8B33DF69196944700080E7FD /* ASIDataDecompressor.m in Sources */,
				8B33DF6D196944700080E7FD /* ASIInputStream.m in Sources */,
				8B33DF6C196944700080E7FD /* ASIHTTPRequest.m in Sources */,
				8B851D0619684215008DC90D /* MoreViewController.m in Sources */,
				8B851D031968413B008DC90D /* CenterViewController.m in Sources */,
				8B33DF71196944CB0080E7FD /* Reachability.m in Sources */,
			);
			runOnlyForDeploymentPostprocessing = 0;
		};
		8B851CD919683A29008DC90D /* Sources */ = {
			isa = PBXSourcesBuildPhase;
			buildActionMask = 2147483647;
			files = (
				8B851CEB19683A29008DC90D /* DinnerTests.m in Sources */,
			);
			runOnlyForDeploymentPostprocessing = 0;
		};
/* End PBXSourcesBuildPhase section */

/* Begin PBXTargetDependency section */
		8B851CE319683A29008DC90D /* PBXTargetDependency */ = {
			isa = PBXTargetDependency;
			target = 8B851CC119683A29008DC90D /* Dinner */;
			targetProxy = 8B851CE219683A29008DC90D /* PBXContainerItemProxy */;
		};
/* End PBXTargetDependency section */

/* Begin PBXVariantGroup section */
		8B851CCE19683A29008DC90D /* InfoPlist.strings */ = {
			isa = PBXVariantGroup;
			children = (
				8B851CCF19683A29008DC90D /* en */,
			);
			name = InfoPlist.strings;
			sourceTree = "<group>";
		};
		8B851CE719683A29008DC90D /* InfoPlist.strings */ = {
			isa = PBXVariantGroup;
			children = (
				8B851CE819683A29008DC90D /* en */,
			);
			name = InfoPlist.strings;
			sourceTree = "<group>";
		};
/* End PBXVariantGroup section */

/* Begin XCBuildConfiguration section */
		8B851CEC19683A29008DC90D /* Debug */ = {
			isa = XCBuildConfiguration;
			buildSettings = {
				ALWAYS_SEARCH_USER_PATHS = NO;
				CLANG_CXX_LANGUAGE_STANDARD = "gnu++0x";
				CLANG_CXX_LIBRARY = "libc++";
				CLANG_ENABLE_MODULES = YES;
				CLANG_ENABLE_OBJC_ARC = YES;
				CLANG_WARN_BOOL_CONVERSION = YES;
				CLANG_WARN_CONSTANT_CONVERSION = YES;
				CLANG_WARN_DIRECT_OBJC_ISA_USAGE = YES_ERROR;
				CLANG_WARN_EMPTY_BODY = YES;
				CLANG_WARN_ENUM_CONVERSION = YES;
				CLANG_WARN_INT_CONVERSION = YES;
				CLANG_WARN_OBJC_ROOT_CLASS = YES_ERROR;
				CLANG_WARN__DUPLICATE_METHOD_MATCH = YES;
				"CODE_SIGN_IDENTITY[sdk=iphoneos*]" = "iPhone Developer";
				COPY_PHASE_STRIP = NO;
				GCC_C_LANGUAGE_STANDARD = gnu99;
				GCC_DYNAMIC_NO_PIC = NO;
				GCC_OPTIMIZATION_LEVEL = 0;
				GCC_PREPROCESSOR_DEFINITIONS = (
					"DEBUG=1",
					"$(inherited)",
				);
				GCC_SYMBOLS_PRIVATE_EXTERN = NO;
				GCC_WARN_64_TO_32_BIT_CONVERSION = YES;
				GCC_WARN_ABOUT_RETURN_TYPE = YES_ERROR;
				GCC_WARN_UNDECLARED_SELECTOR = YES;
				GCC_WARN_UNINITIALIZED_AUTOS = YES_AGGRESSIVE;
				GCC_WARN_UNUSED_FUNCTION = YES;
				GCC_WARN_UNUSED_VARIABLE = YES;
				IPHONEOS_DEPLOYMENT_TARGET = 7.1;
				ONLY_ACTIVE_ARCH = YES;
				SDKROOT = iphoneos;
			};
			name = Debug;
		};
		8B851CED19683A29008DC90D /* Release */ = {
			isa = XCBuildConfiguration;
			buildSettings = {
				ALWAYS_SEARCH_USER_PATHS = NO;
				CLANG_CXX_LANGUAGE_STANDARD = "gnu++0x";
				CLANG_CXX_LIBRARY = "libc++";
				CLANG_ENABLE_MODULES = YES;
				CLANG_ENABLE_OBJC_ARC = YES;
				CLANG_WARN_BOOL_CONVERSION = YES;
				CLANG_WARN_CONSTANT_CONVERSION = YES;
				CLANG_WARN_DIRECT_OBJC_ISA_USAGE = YES_ERROR;
				CLANG_WARN_EMPTY_BODY = YES;
				CLANG_WARN_ENUM_CONVERSION = YES;
				CLANG_WARN_INT_CONVERSION = YES;
				CLANG_WARN_OBJC_ROOT_CLASS = YES_ERROR;
				CLANG_WARN__DUPLICATE_METHOD_MATCH = YES;
				"CODE_SIGN_IDENTITY[sdk=iphoneos*]" = "iPhone Developer";
				COPY_PHASE_STRIP = YES;
				ENABLE_NS_ASSERTIONS = NO;
				GCC_C_LANGUAGE_STANDARD = gnu99;
				GCC_WARN_64_TO_32_BIT_CONVERSION = YES;
				GCC_WARN_ABOUT_RETURN_TYPE = YES_ERROR;
				GCC_WARN_UNDECLARED_SELECTOR = YES;
				GCC_WARN_UNINITIALIZED_AUTOS = YES_AGGRESSIVE;
				GCC_WARN_UNUSED_FUNCTION = YES;
				GCC_WARN_UNUSED_VARIABLE = YES;
				IPHONEOS_DEPLOYMENT_TARGET = 7.1;
				SDKROOT = iphoneos;
				VALIDATE_PRODUCT = YES;
			};
			name = Release;
		};
		8B851CEF19683A29008DC90D /* Debug */ = {
			isa = XCBuildConfiguration;
			buildSettings = {
				ASSETCATALOG_COMPILER_APPICON_NAME = AppIcon;
				ASSETCATALOG_COMPILER_LAUNCHIMAGE_NAME = LaunchImage;
				GCC_PRECOMPILE_PREFIX_HEADER = YES;
				GCC_PREFIX_HEADER = "Dinner/Dinner-Prefix.pch";
				INFOPLIST_FILE = "Dinner/Dinner-Info.plist";
				PRODUCT_NAME = "$(TARGET_NAME)";
				WRAPPER_EXTENSION = app;
			};
			name = Debug;
		};
		8B851CF019683A29008DC90D /* Release */ = {
			isa = XCBuildConfiguration;
			buildSettings = {
				ASSETCATALOG_COMPILER_APPICON_NAME = AppIcon;
				ASSETCATALOG_COMPILER_LAUNCHIMAGE_NAME = LaunchImage;
				GCC_PRECOMPILE_PREFIX_HEADER = YES;
				GCC_PREFIX_HEADER = "Dinner/Dinner-Prefix.pch";
				INFOPLIST_FILE = "Dinner/Dinner-Info.plist";
				PRODUCT_NAME = "$(TARGET_NAME)";
				WRAPPER_EXTENSION = app;
			};
			name = Release;
		};
		8B851CF219683A29008DC90D /* Debug */ = {
			isa = XCBuildConfiguration;
			buildSettings = {
				BUNDLE_LOADER = "$(BUILT_PRODUCTS_DIR)/Dinner.app/Dinner";
				FRAMEWORK_SEARCH_PATHS = (
					"$(SDKROOT)/Developer/Library/Frameworks",
					"$(inherited)",
					"$(DEVELOPER_FRAMEWORKS_DIR)",
				);
				GCC_PRECOMPILE_PREFIX_HEADER = YES;
				GCC_PREFIX_HEADER = "Dinner/Dinner-Prefix.pch";
				GCC_PREPROCESSOR_DEFINITIONS = (
					"DEBUG=1",
					"$(inherited)",
				);
				INFOPLIST_FILE = "DinnerTests/DinnerTests-Info.plist";
				PRODUCT_NAME = "$(TARGET_NAME)";
				TEST_HOST = "$(BUNDLE_LOADER)";
				WRAPPER_EXTENSION = xctest;
			};
			name = Debug;
		};
		8B851CF319683A29008DC90D /* Release */ = {
			isa = XCBuildConfiguration;
			buildSettings = {
				BUNDLE_LOADER = "$(BUILT_PRODUCTS_DIR)/Dinner.app/Dinner";
				FRAMEWORK_SEARCH_PATHS = (
					"$(SDKROOT)/Developer/Library/Frameworks",
					"$(inherited)",
					"$(DEVELOPER_FRAMEWORKS_DIR)",
				);
				GCC_PRECOMPILE_PREFIX_HEADER = YES;
				GCC_PREFIX_HEADER = "Dinner/Dinner-Prefix.pch";
				INFOPLIST_FILE = "DinnerTests/DinnerTests-Info.plist";
				PRODUCT_NAME = "$(TARGET_NAME)";
				TEST_HOST = "$(BUNDLE_LOADER)";
				WRAPPER_EXTENSION = xctest;
			};
			name = Release;
		};
/* End XCBuildConfiguration section */

/* Begin XCConfigurationList section */
		8B851CBD19683A29008DC90D /* Build configuration list for PBXProject "Dinner" */ = {
			isa = XCConfigurationList;
			buildConfigurations = (
				8B851CEC19683A29008DC90D /* Debug */,
				8B851CED19683A29008DC90D /* Release */,
			);
			defaultConfigurationIsVisible = 0;
			defaultConfigurationName = Release;
		};
		8B851CEE19683A29008DC90D /* Build configuration list for PBXNativeTarget "Dinner" */ = {
			isa = XCConfigurationList;
			buildConfigurations = (
				8B851CEF19683A29008DC90D /* Debug */,
				8B851CF019683A29008DC90D /* Release */,
			);
			defaultConfigurationIsVisible = 0;
			defaultConfigurationName = Release;
		};
		8B851CF119683A29008DC90D /* Build configuration list for PBXNativeTarget "DinnerTests" */ = {
			isa = XCConfigurationList;
			buildConfigurations = (
				8B851CF219683A29008DC90D /* Debug */,
				8B851CF319683A29008DC90D /* Release */,
			);
			defaultConfigurationIsVisible = 0;
			defaultConfigurationName = Release;
		};
/* End XCConfigurationList section */
	};
	rootObject = 8B851CBA19683A29008DC90D /* Project object */;
}
