// !$*UTF8*$!
{
	archiveVersion = 1;
	classes = {
	};
	objectVersion = 46;
	objects = {

/* Begin PBXBuildFile section */
		660BF2E8196AA729003EA75D /* LoginViewController.m in Sources */ = {isa = PBXBuildFile; fileRef = 660BF2E7196AA729003EA75D /* LoginViewController.m */; };
		663C9A23196CC1C800BEDC4A /* trolley@2x.png in Resources */ = {isa = PBXBuildFile; fileRef = 663C9A22196CC1C800BEDC4A /* trolley@2x.png */; };
		663C9A25196CC1D500BEDC4A /* trolley.png in Resources */ = {isa = PBXBuildFile; fileRef = 663C9A24196CC1D500BEDC4A /* trolley.png */; };
		663C9A27196CC1E400BEDC4A /* house.png in Resources */ = {isa = PBXBuildFile; fileRef = 663C9A26196CC1E400BEDC4A /* house.png */; };
		663C9A29196CC1F100BEDC4A /* house@2x.png in Resources */ = {isa = PBXBuildFile; fileRef = 663C9A28196CC1F100BEDC4A /* house@2x.png */; };
		663C9A2B196CC20100BEDC4A /* cog_01@2x.png in Resources */ = {isa = PBXBuildFile; fileRef = 663C9A2A196CC20100BEDC4A /* cog_01@2x.png */; };
		663C9A2D196CC21000BEDC4A /* cog_01.png in Resources */ = {isa = PBXBuildFile; fileRef = 663C9A2C196CC21000BEDC4A /* cog_01.png */; };
		663C9A2F196CC23500BEDC4A /* people@2x.png in Resources */ = {isa = PBXBuildFile; fileRef = 663C9A2E196CC23500BEDC4A /* people@2x.png */; };
		663C9A31196CC24000BEDC4A /* people.png in Resources */ = {isa = PBXBuildFile; fileRef = 663C9A30196CC24000BEDC4A /* people.png */; };
		66B8DFA1196A3B2F00F7CD67 /* QuartzCore.framework in Frameworks */ = {isa = PBXBuildFile; fileRef = 66B8DFA0196A3B2F00F7CD67 /* QuartzCore.framework */; };
		66E9AE8D196A806F00558097 /* EGORefreshTableHeaderView.m in Sources */ = {isa = PBXBuildFile; fileRef = 66E9AE83196A806F00558097 /* EGORefreshTableHeaderView.m */; settings = {COMPILER_FLAGS = "-fno-objc-arc"; }; };
		66E9AE8E196A806F00558097 /* blackArrow.png in Resources */ = {isa = PBXBuildFile; fileRef = 66E9AE85196A806F00558097 /* blackArrow.png */; };
		66E9AE8F196A806F00558097 /* blackArrow@2x.png in Resources */ = {isa = PBXBuildFile; fileRef = 66E9AE86196A806F00558097 /* blackArrow@2x.png */; };
		66E9AE90196A806F00558097 /* blueArrow.png in Resources */ = {isa = PBXBuildFile; fileRef = 66E9AE87196A806F00558097 /* blueArrow.png */; };
		66E9AE91196A806F00558097 /* blueArrow@2x.png in Resources */ = {isa = PBXBuildFile; fileRef = 66E9AE88196A806F00558097 /* blueArrow@2x.png */; };
		66E9AE92196A806F00558097 /* grayArrow.png in Resources */ = {isa = PBXBuildFile; fileRef = 66E9AE89196A806F00558097 /* grayArrow.png */; };
		66E9AE93196A806F00558097 /* grayArrow@2x.png in Resources */ = {isa = PBXBuildFile; fileRef = 66E9AE8A196A806F00558097 /* grayArrow@2x.png */; };
		66E9AE94196A806F00558097 /* whiteArrow.png in Resources */ = {isa = PBXBuildFile; fileRef = 66E9AE8B196A806F00558097 /* whiteArrow.png */; };
		66E9AE95196A806F00558097 /* whiteArrow@2x.png in Resources */ = {isa = PBXBuildFile; fileRef = 66E9AE8C196A806F00558097 /* whiteArrow@2x.png */; };
		66E9AEA7196A86E100558097 /* DataBase.m in Sources */ = {isa = PBXBuildFile; fileRef = 66E9AE98196A86E100558097 /* DataBase.m */; };
		66E9AEA8196A86E100558097 /* DataManage.m in Sources */ = {isa = PBXBuildFile; fileRef = 66E9AE9A196A86E100558097 /* DataManage.m */; };
		66E9AEA9196A86E100558097 /* FMDatabase.m in Sources */ = {isa = PBXBuildFile; fileRef = 66E9AE9D196A86E100558097 /* FMDatabase.m */; };
		66E9AEAA196A86E100558097 /* FMDatabaseAdditions.m in Sources */ = {isa = PBXBuildFile; fileRef = 66E9AE9F196A86E100558097 /* FMDatabaseAdditions.m */; };
		66E9AEAB196A86E100558097 /* FMDatabasePool.m in Sources */ = {isa = PBXBuildFile; fileRef = 66E9AEA1196A86E100558097 /* FMDatabasePool.m */; };
		66E9AEAC196A86E100558097 /* FMDatabaseQueue.m in Sources */ = {isa = PBXBuildFile; fileRef = 66E9AEA3196A86E100558097 /* FMDatabaseQueue.m */; };
		66E9AEAD196A86E100558097 /* FMResultSet.m in Sources */ = {isa = PBXBuildFile; fileRef = 66E9AEA5196A86E100558097 /* FMResultSet.m */; };
		66E9AEAE196A86E100558097 /* dinner.db in Resources */ = {isa = PBXBuildFile; fileRef = 66E9AEA6196A86E100558097 /* dinner.db */; };
		66E9AEB0196A8ED700558097 /* libsqlite3.0.dylib in Frameworks */ = {isa = PBXBuildFile; fileRef = 66E9AEAF196A8ED700558097 /* libsqlite3.0.dylib */; };
		66F08608196CCCD700AD70B1 /* MenuTableViewCell.m in Sources */ = {isa = PBXBuildFile; fileRef = 66F08607196CCCD700AD70B1 /* MenuTableViewCell.m */; };
		66F0860A196CE5C800AD70B1 /* star@2x.png in Resources */ = {isa = PBXBuildFile; fileRef = 66F08609196CE5C800AD70B1 /* star@2x.png */; };
		66F0860C196CE5E100AD70B1 /* star.png in Resources */ = {isa = PBXBuildFile; fileRef = 66F0860B196CE5E100AD70B1 /* star.png */; };
		66F0860F196CF64C00AD70B1 /* nav_comment_active.png in Resources */ = {isa = PBXBuildFile; fileRef = 66F0860D196CF64C00AD70B1 /* nav_comment_active.png */; };
		66F08610196CF64C00AD70B1 /* nav_comment_active@2x.png in Resources */ = {isa = PBXBuildFile; fileRef = 66F0860E196CF64C00AD70B1 /* nav_comment_active@2x.png */; };
		66F08613196CF6D400AD70B1 /* user.png in Resources */ = {isa = PBXBuildFile; fileRef = 66F08611196CF6D400AD70B1 /* user.png */; };
		66F08614196CF6D400AD70B1 /* user@2x.png in Resources */ = {isa = PBXBuildFile; fileRef = 66F08612196CF6D400AD70B1 /* user@2x.png */; };
		8B33DF731969450F0080E7FD /* CFNetwork.framework in Frameworks */ = {isa = PBXBuildFile; fileRef = 8B33DF721969450F0080E7FD /* CFNetwork.framework */; };
		8B33DF75196945190080E7FD /* SystemConfiguration.framework in Frameworks */ = {isa = PBXBuildFile; fileRef = 8B33DF74196945190080E7FD /* SystemConfiguration.framework */; };
		8B33DF77196945230080E7FD /* MobileCoreServices.framework in Frameworks */ = {isa = PBXBuildFile; fileRef = 8B33DF76196945230080E7FD /* MobileCoreServices.framework */; };
		8B33DF79196945380080E7FD /* libz.1.2.5.dylib in Frameworks */ = {isa = PBXBuildFile; fileRef = 8B33DF78196945380080E7FD /* libz.1.2.5.dylib */; };
		8B33DF7D1969835D0080E7FD /* ShopTableViewCell.m in Sources */ = {isa = PBXBuildFile; fileRef = 8B33DF7C1969835D0080E7FD /* ShopTableViewCell.m */; };
		8B33DF82196994C90080E7FD /* ProgressHUD.bundle in Resources */ = {isa = PBXBuildFile; fileRef = 8B33DF7F196994C90080E7FD /* ProgressHUD.bundle */; };
		8B33DF83196994C90080E7FD /* ProgressHUD.m in Sources */ = {isa = PBXBuildFile; fileRef = 8B33DF81196994C90080E7FD /* ProgressHUD.m */; };
		8B33DF9B196996400080E7FD /* ASIAuthenticationDialog.m in Sources */ = {isa = PBXBuildFile; fileRef = 8B33DF86196996400080E7FD /* ASIAuthenticationDialog.m */; settings = {COMPILER_FLAGS = "-fno-objc-arc"; }; };
		8B33DF9C196996400080E7FD /* ASIDataCompressor.m in Sources */ = {isa = PBXBuildFile; fileRef = 8B33DF89196996400080E7FD /* ASIDataCompressor.m */; settings = {COMPILER_FLAGS = "-fno-objc-arc"; }; };
		8B33DF9D196996400080E7FD /* ASIDataDecompressor.m in Sources */ = {isa = PBXBuildFile; fileRef = 8B33DF8B196996400080E7FD /* ASIDataDecompressor.m */; settings = {COMPILER_FLAGS = "-fno-objc-arc"; }; };
		8B33DF9E196996400080E7FD /* ASIDownloadCache.m in Sources */ = {isa = PBXBuildFile; fileRef = 8B33DF8D196996400080E7FD /* ASIDownloadCache.m */; settings = {COMPILER_FLAGS = "-fno-objc-arc"; }; };
		8B33DF9F196996400080E7FD /* ASIFormDataRequest.m in Sources */ = {isa = PBXBuildFile; fileRef = 8B33DF8F196996400080E7FD /* ASIFormDataRequest.m */; settings = {COMPILER_FLAGS = "-fno-objc-arc"; }; };
		8B33DFA0196996400080E7FD /* ASIHTTPRequest.m in Sources */ = {isa = PBXBuildFile; fileRef = 8B33DF91196996400080E7FD /* ASIHTTPRequest.m */; settings = {COMPILER_FLAGS = "-fno-objc-arc"; }; };
		8B33DFA1196996400080E7FD /* ASIInputStream.m in Sources */ = {isa = PBXBuildFile; fileRef = 8B33DF95196996400080E7FD /* ASIInputStream.m */; settings = {COMPILER_FLAGS = "-fno-objc-arc"; }; };
		8B33DFA2196996400080E7FD /* ASINetworkQueue.m in Sources */ = {isa = PBXBuildFile; fileRef = 8B33DF97196996400080E7FD /* ASINetworkQueue.m */; settings = {COMPILER_FLAGS = "-fno-objc-arc"; }; };
		8B33DFA3196996400080E7FD /* Reachability.m in Sources */ = {isa = PBXBuildFile; fileRef = 8B33DF9A196996400080E7FD /* Reachability.m */; settings = {COMPILER_FLAGS = "-fno-objc-arc"; }; };
		8B851CC619683A29008DC90D /* Foundation.framework in Frameworks */ = {isa = PBXBuildFile; fileRef = 8B851CC519683A29008DC90D /* Foundation.framework */; };
		8B851CC819683A29008DC90D /* CoreGraphics.framework in Frameworks */ = {isa = PBXBuildFile; fileRef = 8B851CC719683A29008DC90D /* CoreGraphics.framework */; };
		8B851CCA19683A29008DC90D /* UIKit.framework in Frameworks */ = {isa = PBXBuildFile; fileRef = 8B851CC919683A29008DC90D /* UIKit.framework */; };
		8B851CD019683A29008DC90D /* InfoPlist.strings in Resources */ = {isa = PBXBuildFile; fileRef = 8B851CCE19683A29008DC90D /* InfoPlist.strings */; };
		8B851CD219683A29008DC90D /* main.m in Sources */ = {isa = PBXBuildFile; fileRef = 8B851CD119683A29008DC90D /* main.m */; };
		8B851CD619683A29008DC90D /* AppDelegate.m in Sources */ = {isa = PBXBuildFile; fileRef = 8B851CD519683A29008DC90D /* AppDelegate.m */; };
		8B851CD819683A29008DC90D /* Images.xcassets in Resources */ = {isa = PBXBuildFile; fileRef = 8B851CD719683A29008DC90D /* Images.xcassets */; };
		8B851CDF19683A29008DC90D /* XCTest.framework in Frameworks */ = {isa = PBXBuildFile; fileRef = 8B851CDE19683A29008DC90D /* XCTest.framework */; };
		8B851CE019683A29008DC90D /* Foundation.framework in Frameworks */ = {isa = PBXBuildFile; fileRef = 8B851CC519683A29008DC90D /* Foundation.framework */; };
		8B851CE119683A29008DC90D /* UIKit.framework in Frameworks */ = {isa = PBXBuildFile; fileRef = 8B851CC919683A29008DC90D /* UIKit.framework */; };
		8B851CE919683A29008DC90D /* InfoPlist.strings in Resources */ = {isa = PBXBuildFile; fileRef = 8B851CE719683A29008DC90D /* InfoPlist.strings */; };
		8B851CEB19683A29008DC90D /* DinnerTests.m in Sources */ = {isa = PBXBuildFile; fileRef = 8B851CEA19683A29008DC90D /* DinnerTests.m */; };
		8B851CF919683E8F008DC90D /* BaseTabBarController.m in Sources */ = {isa = PBXBuildFile; fileRef = 8B851CF819683E8F008DC90D /* BaseTabBarController.m */; };
		8B851CFC19683F7A008DC90D /* BaseNavigationController.m in Sources */ = {isa = PBXBuildFile; fileRef = 8B851CFB19683F7A008DC90D /* BaseNavigationController.m */; };
		8B851D0019684125008DC90D /* HomeViewController.m in Sources */ = {isa = PBXBuildFile; fileRef = 8B851CFF19684125008DC90D /* HomeViewController.m */; };
		8B851D031968413B008DC90D /* CenterViewController.m in Sources */ = {isa = PBXBuildFile; fileRef = 8B851D021968413B008DC90D /* CenterViewController.m */; };
		8B851D0619684215008DC90D /* MoreViewController.m in Sources */ = {isa = PBXBuildFile; fileRef = 8B851D0519684215008DC90D /* MoreViewController.m */; };
		8B851D0919684C35008DC90D /* MenuViewController.m in Sources */ = {isa = PBXBuildFile; fileRef = 8B851D0819684C35008DC90D /* MenuViewController.m */; };
		8BC6FF3F196C2D6B0093A476 /* CartViewController.m in Sources */ = {isa = PBXBuildFile; fileRef = 8BC6FF3E196C2D6B0093A476 /* CartViewController.m */; };
/* End PBXBuildFile section */

/* Begin PBXContainerItemProxy section */
		8B851CE219683A29008DC90D /* PBXContainerItemProxy */ = {
			isa = PBXContainerItemProxy;
			containerPortal = 8B851CBA19683A29008DC90D /* Project object */;
			proxyType = 1;
			remoteGlobalIDString = 8B851CC119683A29008DC90D;
			remoteInfo = Dinner;
		};
/* End PBXContainerItemProxy section */

/* Begin PBXFileReference section */
		660BF2E6196AA729003EA75D /* LoginViewController.h */ = {isa = PBXFileReference; fileEncoding = 4; lastKnownFileType = sourcecode.c.h; path = LoginViewController.h; sourceTree = "<group>"; };
		660BF2E7196AA729003EA75D /* LoginViewController.m */ = {isa = PBXFileReference; fileEncoding = 4; lastKnownFileType = sourcecode.c.objc; path = LoginViewController.m; sourceTree = "<group>"; };
		663C9A22196CC1C800BEDC4A /* trolley@2x.png */ = {isa = PBXFileReference; lastKnownFileType = image.png; path = "trolley@2x.png"; sourceTree = "<group>"; };
		663C9A24196CC1D500BEDC4A /* trolley.png */ = {isa = PBXFileReference; lastKnownFileType = image.png; path = trolley.png; sourceTree = "<group>"; };
		663C9A26196CC1E400BEDC4A /* house.png */ = {isa = PBXFileReference; lastKnownFileType = image.png; path = house.png; sourceTree = "<group>"; };
		663C9A28196CC1F100BEDC4A /* house@2x.png */ = {isa = PBXFileReference; lastKnownFileType = image.png; path = "house@2x.png"; sourceTree = "<group>"; };
		663C9A2A196CC20100BEDC4A /* cog_01@2x.png */ = {isa = PBXFileReference; lastKnownFileType = image.png; path = "cog_01@2x.png"; sourceTree = "<group>"; };
		663C9A2C196CC21000BEDC4A /* cog_01.png */ = {isa = PBXFileReference; lastKnownFileType = image.png; path = cog_01.png; sourceTree = "<group>"; };
		663C9A2E196CC23500BEDC4A /* people@2x.png */ = {isa = PBXFileReference; lastKnownFileType = image.png; path = "people@2x.png"; sourceTree = "<group>"; };
		663C9A30196CC24000BEDC4A /* people.png */ = {isa = PBXFileReference; lastKnownFileType = image.png; path = people.png; sourceTree = "<group>"; };
		66B8DFA0196A3B2F00F7CD67 /* QuartzCore.framework */ = {isa = PBXFileReference; lastKnownFileType = wrapper.framework; name = QuartzCore.framework; path = System/Library/Frameworks/QuartzCore.framework; sourceTree = SDKROOT; };
		66E9AE82196A806F00558097 /* EGORefreshTableHeaderView.h */ = {isa = PBXFileReference; fileEncoding = 4; lastKnownFileType = sourcecode.c.h; path = EGORefreshTableHeaderView.h; sourceTree = "<group>"; };
		66E9AE83196A806F00558097 /* EGORefreshTableHeaderView.m */ = {isa = PBXFileReference; fileEncoding = 4; lastKnownFileType = sourcecode.c.objc; path = EGORefreshTableHeaderView.m; sourceTree = "<group>"; };
		66E9AE85196A806F00558097 /* blackArrow.png */ = {isa = PBXFileReference; lastKnownFileType = image.png; path = blackArrow.png; sourceTree = "<group>"; };
		66E9AE86196A806F00558097 /* blackArrow@2x.png */ = {isa = PBXFileReference; lastKnownFileType = image.png; path = "blackArrow@2x.png"; sourceTree = "<group>"; };
		66E9AE87196A806F00558097 /* blueArrow.png */ = {isa = PBXFileReference; lastKnownFileType = image.png; path = blueArrow.png; sourceTree = "<group>"; };
		66E9AE88196A806F00558097 /* blueArrow@2x.png */ = {isa = PBXFileReference; lastKnownFileType = image.png; path = "blueArrow@2x.png"; sourceTree = "<group>"; };
		66E9AE89196A806F00558097 /* grayArrow.png */ = {isa = PBXFileReference; lastKnownFileType = image.png; path = grayArrow.png; sourceTree = "<group>"; };
		66E9AE8A196A806F00558097 /* grayArrow@2x.png */ = {isa = PBXFileReference; lastKnownFileType = image.png; path = "grayArrow@2x.png"; sourceTree = "<group>"; };
		66E9AE8B196A806F00558097 /* whiteArrow.png */ = {isa = PBXFileReference; lastKnownFileType = image.png; path = whiteArrow.png; sourceTree = "<group>"; };
		66E9AE8C196A806F00558097 /* whiteArrow@2x.png */ = {isa = PBXFileReference; lastKnownFileType = image.png; path = "whiteArrow@2x.png"; sourceTree = "<group>"; };
		66E9AE97196A86E100558097 /* DataBase.h */ = {isa = PBXFileReference; fileEncoding = 4; lastKnownFileType = sourcecode.c.h; path = DataBase.h; sourceTree = "<group>"; };
		66E9AE98196A86E100558097 /* DataBase.m */ = {isa = PBXFileReference; fileEncoding = 4; lastKnownFileType = sourcecode.c.objc; path = DataBase.m; sourceTree = "<group>"; };
		66E9AE99196A86E100558097 /* DataManage.h */ = {isa = PBXFileReference; fileEncoding = 4; lastKnownFileType = sourcecode.c.h; path = DataManage.h; sourceTree = "<group>"; };
		66E9AE9A196A86E100558097 /* DataManage.m */ = {isa = PBXFileReference; fileEncoding = 4; lastKnownFileType = sourcecode.c.objc; path = DataManage.m; sourceTree = "<group>"; };
		66E9AE9C196A86E100558097 /* FMDatabase.h */ = {isa = PBXFileReference; fileEncoding = 4; lastKnownFileType = sourcecode.c.h; path = FMDatabase.h; sourceTree = "<group>"; };
		66E9AE9D196A86E100558097 /* FMDatabase.m */ = {isa = PBXFileReference; fileEncoding = 4; lastKnownFileType = sourcecode.c.objc; path = FMDatabase.m; sourceTree = "<group>"; };
		66E9AE9E196A86E100558097 /* FMDatabaseAdditions.h */ = {isa = PBXFileReference; fileEncoding = 4; lastKnownFileType = sourcecode.c.h; path = FMDatabaseAdditions.h; sourceTree = "<group>"; };
		66E9AE9F196A86E100558097 /* FMDatabaseAdditions.m */ = {isa = PBXFileReference; fileEncoding = 4; lastKnownFileType = sourcecode.c.objc; path = FMDatabaseAdditions.m; sourceTree = "<group>"; };
		66E9AEA0196A86E100558097 /* FMDatabasePool.h */ = {isa = PBXFileReference; fileEncoding = 4; lastKnownFileType = sourcecode.c.h; path = FMDatabasePool.h; sourceTree = "<group>"; };
		66E9AEA1196A86E100558097 /* FMDatabasePool.m */ = {isa = PBXFileReference; fileEncoding = 4; lastKnownFileType = sourcecode.c.objc; path = FMDatabasePool.m; sourceTree = "<group>"; };
		66E9AEA2196A86E100558097 /* FMDatabaseQueue.h */ = {isa = PBXFileReference; fileEncoding = 4; lastKnownFileType = sourcecode.c.h; path = FMDatabaseQueue.h; sourceTree = "<group>"; };
		66E9AEA3196A86E100558097 /* FMDatabaseQueue.m */ = {isa = PBXFileReference; fileEncoding = 4; lastKnownFileType = sourcecode.c.objc; path = FMDatabaseQueue.m; sourceTree = "<group>"; };
		66E9AEA4196A86E100558097 /* FMResultSet.h */ = {isa = PBXFileReference; fileEncoding = 4; lastKnownFileType = sourcecode.c.h; path = FMResultSet.h; sourceTree = "<group>"; };
		66E9AEA5196A86E100558097 /* FMResultSet.m */ = {isa = PBXFileReference; fileEncoding = 4; lastKnownFileType = sourcecode.c.objc; path = FMResultSet.m; sourceTree = "<group>"; };
		66E9AEA6196A86E100558097 /* dinner.db */ = {isa = PBXFileReference; lastKnownFileType = file; path = dinner.db; sourceTree = "<group>"; };
		66E9AEAF196A8ED700558097 /* libsqlite3.0.dylib */ = {isa = PBXFileReference; lastKnownFileType = "compiled.mach-o.dylib"; name = libsqlite3.0.dylib; path = usr/lib/libsqlite3.0.dylib; sourceTree = SDKROOT; };
		66F08606196CCCD700AD70B1 /* MenuTableViewCell.h */ = {isa = PBXFileReference; fileEncoding = 4; lastKnownFileType = sourcecode.c.h; path = MenuTableViewCell.h; sourceTree = "<group>"; };
		66F08607196CCCD700AD70B1 /* MenuTableViewCell.m */ = {isa = PBXFileReference; fileEncoding = 4; lastKnownFileType = sourcecode.c.objc; path = MenuTableViewCell.m; sourceTree = "<group>"; };
		66F08609196CE5C800AD70B1 /* star@2x.png */ = {isa = PBXFileReference; lastKnownFileType = image.png; path = "star@2x.png"; sourceTree = "<group>"; };
		66F0860B196CE5E100AD70B1 /* star.png */ = {isa = PBXFileReference; lastKnownFileType = image.png; path = star.png; sourceTree = "<group>"; };
		66F0860D196CF64C00AD70B1 /* nav_comment_active.png */ = {isa = PBXFileReference; lastKnownFileType = image.png; path = nav_comment_active.png; sourceTree = "<group>"; };
		66F0860E196CF64C00AD70B1 /* nav_comment_active@2x.png */ = {isa = PBXFileReference; lastKnownFileType = image.png; path = "nav_comment_active@2x.png"; sourceTree = "<group>"; };
		66F08611196CF6D400AD70B1 /* user.png */ = {isa = PBXFileReference; lastKnownFileType = image.png; path = user.png; sourceTree = "<group>"; };
		66F08612196CF6D400AD70B1 /* user@2x.png */ = {isa = PBXFileReference; lastKnownFileType = image.png; path = "user@2x.png"; sourceTree = "<group>"; };
		8B33DF3519693D270080E7FD /* config.h */ = {isa = PBXFileReference; lastKnownFileType = sourcecode.c.h; path = config.h; sourceTree = "<group>"; };
		8B33DF721969450F0080E7FD /* CFNetwork.framework */ = {isa = PBXFileReference; lastKnownFileType = wrapper.framework; name = CFNetwork.framework; path = System/Library/Frameworks/CFNetwork.framework; sourceTree = SDKROOT; };
		8B33DF74196945190080E7FD /* SystemConfiguration.framework */ = {isa = PBXFileReference; lastKnownFileType = wrapper.framework; name = SystemConfiguration.framework; path = System/Library/Frameworks/SystemConfiguration.framework; sourceTree = SDKROOT; };
		8B33DF76196945230080E7FD /* MobileCoreServices.framework */ = {isa = PBXFileReference; lastKnownFileType = wrapper.framework; name = MobileCoreServices.framework; path = System/Library/Frameworks/MobileCoreServices.framework; sourceTree = SDKROOT; };
		8B33DF78196945380080E7FD /* libz.1.2.5.dylib */ = {isa = PBXFileReference; lastKnownFileType = "compiled.mach-o.dylib"; name = libz.1.2.5.dylib; path = usr/lib/libz.1.2.5.dylib; sourceTree = SDKROOT; };
		8B33DF7B1969835D0080E7FD /* ShopTableViewCell.h */ = {isa = PBXFileReference; fileEncoding = 4; lastKnownFileType = sourcecode.c.h; path = ShopTableViewCell.h; sourceTree = "<group>"; };
		8B33DF7C1969835D0080E7FD /* ShopTableViewCell.m */ = {isa = PBXFileReference; fileEncoding = 4; lastKnownFileType = sourcecode.c.objc; path = ShopTableViewCell.m; sourceTree = "<group>"; };
		8B33DF7F196994C90080E7FD /* ProgressHUD.bundle */ = {isa = PBXFileReference; lastKnownFileType = "wrapper.plug-in"; path = ProgressHUD.bundle; sourceTree = "<group>"; };
		8B33DF80196994C90080E7FD /* ProgressHUD.h */ = {isa = PBXFileReference; fileEncoding = 4; lastKnownFileType = sourcecode.c.h; path = ProgressHUD.h; sourceTree = "<group>"; };
		8B33DF81196994C90080E7FD /* ProgressHUD.m */ = {isa = PBXFileReference; fileEncoding = 4; lastKnownFileType = sourcecode.c.objc; path = ProgressHUD.m; sourceTree = "<group>"; };
		8B33DF85196996400080E7FD /* ASIAuthenticationDialog.h */ = {isa = PBXFileReference; fileEncoding = 4; lastKnownFileType = sourcecode.c.h; path = ASIAuthenticationDialog.h; sourceTree = "<group>"; };
		8B33DF86196996400080E7FD /* ASIAuthenticationDialog.m */ = {isa = PBXFileReference; fileEncoding = 4; lastKnownFileType = sourcecode.c.objc; path = ASIAuthenticationDialog.m; sourceTree = "<group>"; };
		8B33DF87196996400080E7FD /* ASICacheDelegate.h */ = {isa = PBXFileReference; fileEncoding = 4; lastKnownFileType = sourcecode.c.h; path = ASICacheDelegate.h; sourceTree = "<group>"; };
		8B33DF88196996400080E7FD /* ASIDataCompressor.h */ = {isa = PBXFileReference; fileEncoding = 4; lastKnownFileType = sourcecode.c.h; path = ASIDataCompressor.h; sourceTree = "<group>"; };
		8B33DF89196996400080E7FD /* ASIDataCompressor.m */ = {isa = PBXFileReference; fileEncoding = 4; lastKnownFileType = sourcecode.c.objc; path = ASIDataCompressor.m; sourceTree = "<group>"; };
		8B33DF8A196996400080E7FD /* ASIDataDecompressor.h */ = {isa = PBXFileReference; fileEncoding = 4; lastKnownFileType = sourcecode.c.h; path = ASIDataDecompressor.h; sourceTree = "<group>"; };
		8B33DF8B196996400080E7FD /* ASIDataDecompressor.m */ = {isa = PBXFileReference; fileEncoding = 4; lastKnownFileType = sourcecode.c.objc; path = ASIDataDecompressor.m; sourceTree = "<group>"; };
		8B33DF8C196996400080E7FD /* ASIDownloadCache.h */ = {isa = PBXFileReference; fileEncoding = 4; lastKnownFileType = sourcecode.c.h; path = ASIDownloadCache.h; sourceTree = "<group>"; };
		8B33DF8D196996400080E7FD /* ASIDownloadCache.m */ = {isa = PBXFileReference; fileEncoding = 4; lastKnownFileType = sourcecode.c.objc; path = ASIDownloadCache.m; sourceTree = "<group>"; };
		8B33DF8E196996400080E7FD /* ASIFormDataRequest.h */ = {isa = PBXFileReference; fileEncoding = 4; lastKnownFileType = sourcecode.c.h; path = ASIFormDataRequest.h; sourceTree = "<group>"; };
		8B33DF8F196996400080E7FD /* ASIFormDataRequest.m */ = {isa = PBXFileReference; fileEncoding = 4; lastKnownFileType = sourcecode.c.objc; path = ASIFormDataRequest.m; sourceTree = "<group>"; };
		8B33DF90196996400080E7FD /* ASIHTTPRequest.h */ = {isa = PBXFileReference; fileEncoding = 4; lastKnownFileType = sourcecode.c.h; path = ASIHTTPRequest.h; sourceTree = "<group>"; };
		8B33DF91196996400080E7FD /* ASIHTTPRequest.m */ = {isa = PBXFileReference; fileEncoding = 4; lastKnownFileType = sourcecode.c.objc; path = ASIHTTPRequest.m; sourceTree = "<group>"; };
		8B33DF92196996400080E7FD /* ASIHTTPRequestConfig.h */ = {isa = PBXFileReference; fileEncoding = 4; lastKnownFileType = sourcecode.c.h; path = ASIHTTPRequestConfig.h; sourceTree = "<group>"; };
		8B33DF93196996400080E7FD /* ASIHTTPRequestDelegate.h */ = {isa = PBXFileReference; fileEncoding = 4; lastKnownFileType = sourcecode.c.h; path = ASIHTTPRequestDelegate.h; sourceTree = "<group>"; };
		8B33DF94196996400080E7FD /* ASIInputStream.h */ = {isa = PBXFileReference; fileEncoding = 4; lastKnownFileType = sourcecode.c.h; path = ASIInputStream.h; sourceTree = "<group>"; };
		8B33DF95196996400080E7FD /* ASIInputStream.m */ = {isa = PBXFileReference; fileEncoding = 4; lastKnownFileType = sourcecode.c.objc; path = ASIInputStream.m; sourceTree = "<group>"; };
		8B33DF96196996400080E7FD /* ASINetworkQueue.h */ = {isa = PBXFileReference; fileEncoding = 4; lastKnownFileType = sourcecode.c.h; path = ASINetworkQueue.h; sourceTree = "<group>"; };
		8B33DF97196996400080E7FD /* ASINetworkQueue.m */ = {isa = PBXFileReference; fileEncoding = 4; lastKnownFileType = sourcecode.c.objc; path = ASINetworkQueue.m; sourceTree = "<group>"; };
		8B33DF98196996400080E7FD /* ASIProgressDelegate.h */ = {isa = PBXFileReference; fileEncoding = 4; lastKnownFileType = sourcecode.c.h; path = ASIProgressDelegate.h; sourceTree = "<group>"; };
		8B33DF99196996400080E7FD /* Reachability.h */ = {isa = PBXFileReference; fileEncoding = 4; lastKnownFileType = sourcecode.c.h; path = Reachability.h; sourceTree = "<group>"; };
		8B33DF9A196996400080E7FD /* Reachability.m */ = {isa = PBXFileReference; fileEncoding = 4; lastKnownFileType = sourcecode.c.objc; path = Reachability.m; sourceTree = "<group>"; };
		8B851CC219683A29008DC90D /* Dinner.app */ = {isa = PBXFileReference; explicitFileType = wrapper.application; includeInIndex = 0; path = Dinner.app; sourceTree = BUILT_PRODUCTS_DIR; };
		8B851CC519683A29008DC90D /* Foundation.framework */ = {isa = PBXFileReference; lastKnownFileType = wrapper.framework; name = Foundation.framework; path = System/Library/Frameworks/Foundation.framework; sourceTree = SDKROOT; };
		8B851CC719683A29008DC90D /* CoreGraphics.framework */ = {isa = PBXFileReference; lastKnownFileType = wrapper.framework; name = CoreGraphics.framework; path = System/Library/Frameworks/CoreGraphics.framework; sourceTree = SDKROOT; };
		8B851CC919683A29008DC90D /* UIKit.framework */ = {isa = PBXFileReference; lastKnownFileType = wrapper.framework; name = UIKit.framework; path = System/Library/Frameworks/UIKit.framework; sourceTree = SDKROOT; };
		8B851CCD19683A29008DC90D /* Dinner-Info.plist */ = {isa = PBXFileReference; lastKnownFileType = text.plist.xml; path = "Dinner-Info.plist"; sourceTree = "<group>"; };
		8B851CCF19683A29008DC90D /* en */ = {isa = PBXFileReference; lastKnownFileType = text.plist.strings; name = en; path = en.lproj/InfoPlist.strings; sourceTree = "<group>"; };
		8B851CD119683A29008DC90D /* main.m */ = {isa = PBXFileReference; lastKnownFileType = sourcecode.c.objc; path = main.m; sourceTree = "<group>"; };
		8B851CD319683A29008DC90D /* Dinner-Prefix.pch */ = {isa = PBXFileReference; lastKnownFileType = sourcecode.c.h; path = "Dinner-Prefix.pch"; sourceTree = "<group>"; };
		8B851CD419683A29008DC90D /* AppDelegate.h */ = {isa = PBXFileReference; lastKnownFileType = sourcecode.c.h; path = AppDelegate.h; sourceTree = "<group>"; };
		8B851CD519683A29008DC90D /* AppDelegate.m */ = {isa = PBXFileReference; lastKnownFileType = sourcecode.c.objc; path = AppDelegate.m; sourceTree = "<group>"; };
		8B851CD719683A29008DC90D /* Images.xcassets */ = {isa = PBXFileReference; lastKnownFileType = folder.assetcatalog; path = Images.xcassets; sourceTree = "<group>"; };
		8B851CDD19683A29008DC90D /* DinnerTests.xctest */ = {isa = PBXFileReference; explicitFileType = wrapper.cfbundle; includeInIndex = 0; path = DinnerTests.xctest; sourceTree = BUILT_PRODUCTS_DIR; };
		8B851CDE19683A29008DC90D /* XCTest.framework */ = {isa = PBXFileReference; lastKnownFileType = wrapper.framework; name = XCTest.framework; path = Library/Frameworks/XCTest.framework; sourceTree = DEVELOPER_DIR; };
		8B851CE619683A29008DC90D /* DinnerTests-Info.plist */ = {isa = PBXFileReference; lastKnownFileType = text.plist.xml; path = "DinnerTests-Info.plist"; sourceTree = "<group>"; };
		8B851CE819683A29008DC90D /* en */ = {isa = PBXFileReference; lastKnownFileType = text.plist.strings; name = en; path = en.lproj/InfoPlist.strings; sourceTree = "<group>"; };
		8B851CEA19683A29008DC90D /* DinnerTests.m */ = {isa = PBXFileReference; lastKnownFileType = sourcecode.c.objc; path = DinnerTests.m; sourceTree = "<group>"; };
		8B851CF719683E8F008DC90D /* BaseTabBarController.h */ = {isa = PBXFileReference; fileEncoding = 4; lastKnownFileType = sourcecode.c.h; path = BaseTabBarController.h; sourceTree = "<group>"; };
		8B851CF819683E8F008DC90D /* BaseTabBarController.m */ = {isa = PBXFileReference; fileEncoding = 4; lastKnownFileType = sourcecode.c.objc; path = BaseTabBarController.m; sourceTree = "<group>"; };
		8B851CFA19683F7A008DC90D /* BaseNavigationController.h */ = {isa = PBXFileReference; fileEncoding = 4; lastKnownFileType = sourcecode.c.h; path = BaseNavigationController.h; sourceTree = "<group>"; };
		8B851CFB19683F7A008DC90D /* BaseNavigationController.m */ = {isa = PBXFileReference; fileEncoding = 4; lastKnownFileType = sourcecode.c.objc; path = BaseNavigationController.m; sourceTree = "<group>"; };
		8B851CFE19684125008DC90D /* HomeViewController.h */ = {isa = PBXFileReference; fileEncoding = 4; lastKnownFileType = sourcecode.c.h; path = HomeViewController.h; sourceTree = "<group>"; };
		8B851CFF19684125008DC90D /* HomeViewController.m */ = {isa = PBXFileReference; fileEncoding = 4; lastKnownFileType = sourcecode.c.objc; path = HomeViewController.m; sourceTree = "<group>"; };
		8B851D011968413B008DC90D /* CenterViewController.h */ = {isa = PBXFileReference; fileEncoding = 4; lastKnownFileType = sourcecode.c.h; path = CenterViewController.h; sourceTree = "<group>"; };
		8B851D021968413B008DC90D /* CenterViewController.m */ = {isa = PBXFileReference; fileEncoding = 4; lastKnownFileType = sourcecode.c.objc; path = CenterViewController.m; sourceTree = "<group>"; };
		8B851D0419684215008DC90D /* MoreViewController.h */ = {isa = PBXFileReference; fileEncoding = 4; lastKnownFileType = sourcecode.c.h; path = MoreViewController.h; sourceTree = "<group>"; };
		8B851D0519684215008DC90D /* MoreViewController.m */ = {isa = PBXFileReference; fileEncoding = 4; lastKnownFileType = sourcecode.c.objc; path = MoreViewController.m; sourceTree = "<group>"; };
		8B851D0719684C35008DC90D /* MenuViewController.h */ = {isa = PBXFileReference; fileEncoding = 4; lastKnownFileType = sourcecode.c.h; path = MenuViewController.h; sourceTree = "<group>"; };
		8B851D0819684C35008DC90D /* MenuViewController.m */ = {isa = PBXFileReference; fileEncoding = 4; lastKnownFileType = sourcecode.c.objc; path = MenuViewController.m; sourceTree = "<group>"; };
		8BC6FF3D196C2D6B0093A476 /* CartViewController.h */ = {isa = PBXFileReference; fileEncoding = 4; lastKnownFileType = sourcecode.c.h; path = CartViewController.h; sourceTree = "<group>"; };
		8BC6FF3E196C2D6B0093A476 /* CartViewController.m */ = {isa = PBXFileReference; fileEncoding = 4; lastKnownFileType = sourcecode.c.objc; path = CartViewController.m; sourceTree = "<group>"; };
/* End PBXFileReference section */

/* Begin PBXFrameworksBuildPhase section */
		8B851CBF19683A29008DC90D /* Frameworks */ = {
			isa = PBXFrameworksBuildPhase;
			buildActionMask = 2147483647;
			files = (
				66E9AEB0196A8ED700558097 /* libsqlite3.0.dylib in Frameworks */,
				66B8DFA1196A3B2F00F7CD67 /* QuartzCore.framework in Frameworks */,
				8B33DF79196945380080E7FD /* libz.1.2.5.dylib in Frameworks */,
				8B851CC819683A29008DC90D /* CoreGraphics.framework in Frameworks */,
				8B33DF77196945230080E7FD /* MobileCoreServices.framework in Frameworks */,
				8B33DF75196945190080E7FD /* SystemConfiguration.framework in Frameworks */,
				8B33DF731969450F0080E7FD /* CFNetwork.framework in Frameworks */,
				8B851CCA19683A29008DC90D /* UIKit.framework in Frameworks */,
				8B851CC619683A29008DC90D /* Foundation.framework in Frameworks */,
			);
			runOnlyForDeploymentPostprocessing = 0;
		};
		8B851CDA19683A29008DC90D /* Frameworks */ = {
			isa = PBXFrameworksBuildPhase;
			buildActionMask = 2147483647;
			files = (
				8B851CDF19683A29008DC90D /* XCTest.framework in Frameworks */,
				8B851CE119683A29008DC90D /* UIKit.framework in Frameworks */,
				8B851CE019683A29008DC90D /* Foundation.framework in Frameworks */,
			);
			runOnlyForDeploymentPostprocessing = 0;
		};
/* End PBXFrameworksBuildPhase section */

/* Begin PBXGroup section */
		663C9A21196CC1B600BEDC4A /* image */ = {
			isa = PBXGroup;
			children = (
				66F08611196CF6D400AD70B1 /* user.png */,
				66F08612196CF6D400AD70B1 /* user@2x.png */,
				66F0860D196CF64C00AD70B1 /* nav_comment_active.png */,
				66F0860E196CF64C00AD70B1 /* nav_comment_active@2x.png */,
				66F08609196CE5C800AD70B1 /* star@2x.png */,
				66F0860B196CE5E100AD70B1 /* star.png */,
				663C9A30196CC24000BEDC4A /* people.png */,
				663C9A2E196CC23500BEDC4A /* people@2x.png */,
				663C9A2C196CC21000BEDC4A /* cog_01.png */,
				663C9A2A196CC20100BEDC4A /* cog_01@2x.png */,
				663C9A28196CC1F100BEDC4A /* house@2x.png */,
				663C9A26196CC1E400BEDC4A /* house.png */,
				663C9A24196CC1D500BEDC4A /* trolley.png */,
				663C9A22196CC1C800BEDC4A /* trolley@2x.png */,
			);
			name = image;
			sourceTree = "<group>";
		};
		66E9AE7F196A806F00558097 /* EGOTableViewPullRefresh */ = {
			isa = PBXGroup;
			children = (
				66E9AE80196A806F00558097 /* Classes */,
				66E9AE84196A806F00558097 /* Resources */,
			);
			path = EGOTableViewPullRefresh;
			sourceTree = "<group>";
		};
		66E9AE80196A806F00558097 /* Classes */ = {
			isa = PBXGroup;
			children = (
				66E9AE81196A806F00558097 /* View */,
			);
			path = Classes;
			sourceTree = "<group>";
		};
		66E9AE81196A806F00558097 /* View */ = {
			isa = PBXGroup;
			children = (
				66E9AE82196A806F00558097 /* EGORefreshTableHeaderView.h */,
				66E9AE83196A806F00558097 /* EGORefreshTableHeaderView.m */,
			);
			path = View;
			sourceTree = "<group>";
		};
		66E9AE84196A806F00558097 /* Resources */ = {
			isa = PBXGroup;
			children = (
				66E9AE85196A806F00558097 /* blackArrow.png */,
				66E9AE86196A806F00558097 /* blackArrow@2x.png */,
				66E9AE87196A806F00558097 /* blueArrow.png */,
				66E9AE88196A806F00558097 /* blueArrow@2x.png */,
				66E9AE89196A806F00558097 /* grayArrow.png */,
				66E9AE8A196A806F00558097 /* grayArrow@2x.png */,
				66E9AE8B196A806F00558097 /* whiteArrow.png */,
				66E9AE8C196A806F00558097 /* whiteArrow@2x.png */,
			);
			path = Resources;
			sourceTree = "<group>";
		};
		66E9AE96196A86E100558097 /* database */ = {
			isa = PBXGroup;
			children = (
				66E9AE97196A86E100558097 /* DataBase.h */,
				66E9AE98196A86E100558097 /* DataBase.m */,
				66E9AE99196A86E100558097 /* DataManage.h */,
				66E9AE9A196A86E100558097 /* DataManage.m */,
				66E9AEA6196A86E100558097 /* dinner.db */,
				66E9AE9B196A86E100558097 /* FMDataBase */,
			);
			path = database;
			sourceTree = "<group>";
		};
		66E9AE9B196A86E100558097 /* FMDataBase */ = {
			isa = PBXGroup;
			children = (
				66E9AE9C196A86E100558097 /* FMDatabase.h */,
				66E9AE9D196A86E100558097 /* FMDatabase.m */,
				66E9AE9E196A86E100558097 /* FMDatabaseAdditions.h */,
				66E9AE9F196A86E100558097 /* FMDatabaseAdditions.m */,
				66E9AEA0196A86E100558097 /* FMDatabasePool.h */,
				66E9AEA1196A86E100558097 /* FMDatabasePool.m */,
				66E9AEA2196A86E100558097 /* FMDatabaseQueue.h */,
				66E9AEA3196A86E100558097 /* FMDatabaseQueue.m */,
				66E9AEA4196A86E100558097 /* FMResultSet.h */,
				66E9AEA5196A86E100558097 /* FMResultSet.m */,
			);
			path = FMDataBase;
			sourceTree = "<group>";
		};
		8B33DF7A196973CF0080E7FD /* lib */ = {
			isa = PBXGroup;
			children = (
				66E9AE96196A86E100558097 /* database */,
				66E9AE7F196A806F00558097 /* EGOTableViewPullRefresh */,
				8B33DF84196996400080E7FD /* ASIHTTPRequest */,
				8B33DF7E196994C90080E7FD /* ProgressHUD */,
			);
			name = lib;
			sourceTree = "<group>";
		};
		8B33DF7E196994C90080E7FD /* ProgressHUD */ = {
			isa = PBXGroup;
			children = (
				8B33DF7F196994C90080E7FD /* ProgressHUD.bundle */,
				8B33DF80196994C90080E7FD /* ProgressHUD.h */,
				8B33DF81196994C90080E7FD /* ProgressHUD.m */,
			);
			path = ProgressHUD;
			sourceTree = "<group>";
		};
		8B33DF84196996400080E7FD /* ASIHTTPRequest */ = {
			isa = PBXGroup;
			children = (
				8B33DF85196996400080E7FD /* ASIAuthenticationDialog.h */,
				8B33DF86196996400080E7FD /* ASIAuthenticationDialog.m */,
				8B33DF87196996400080E7FD /* ASICacheDelegate.h */,
				8B33DF88196996400080E7FD /* ASIDataCompressor.h */,
				8B33DF89196996400080E7FD /* ASIDataCompressor.m */,
				8B33DF8A196996400080E7FD /* ASIDataDecompressor.h */,
				8B33DF8B196996400080E7FD /* ASIDataDecompressor.m */,
				8B33DF8C196996400080E7FD /* ASIDownloadCache.h */,
				8B33DF8D196996400080E7FD /* ASIDownloadCache.m */,
				8B33DF8E196996400080E7FD /* ASIFormDataRequest.h */,
				8B33DF8F196996400080E7FD /* ASIFormDataRequest.m */,
				8B33DF90196996400080E7FD /* ASIHTTPRequest.h */,
				8B33DF91196996400080E7FD /* ASIHTTPRequest.m */,
				8B33DF92196996400080E7FD /* ASIHTTPRequestConfig.h */,
				8B33DF93196996400080E7FD /* ASIHTTPRequestDelegate.h */,
				8B33DF94196996400080E7FD /* ASIInputStream.h */,
				8B33DF95196996400080E7FD /* ASIInputStream.m */,
				8B33DF96196996400080E7FD /* ASINetworkQueue.h */,
				8B33DF97196996400080E7FD /* ASINetworkQueue.m */,
				8B33DF98196996400080E7FD /* ASIProgressDelegate.h */,
				8B33DF99196996400080E7FD /* Reachability.h */,
				8B33DF9A196996400080E7FD /* Reachability.m */,
			);
			path = ASIHTTPRequest;
			sourceTree = "<group>";
		};
		8B851CB919683A29008DC90D = {
			isa = PBXGroup;
			children = (
				8B851CCB19683A29008DC90D /* Dinner */,
				8B851CE419683A29008DC90D /* DinnerTests */,
				8B851CC419683A29008DC90D /* Frameworks */,
				8B851CC319683A29008DC90D /* Products */,
			);
			sourceTree = "<group>";
		};
		8B851CC319683A29008DC90D /* Products */ = {
			isa = PBXGroup;
			children = (
				8B851CC219683A29008DC90D /* Dinner.app */,
				8B851CDD19683A29008DC90D /* DinnerTests.xctest */,
			);
			name = Products;
			sourceTree = "<group>";
		};
		8B851CC419683A29008DC90D /* Frameworks */ = {
			isa = PBXGroup;
			children = (
				66E9AEAF196A8ED700558097 /* libsqlite3.0.dylib */,
				66B8DFA0196A3B2F00F7CD67 /* QuartzCore.framework */,
				8B33DF78196945380080E7FD /* libz.1.2.5.dylib */,
				8B33DF76196945230080E7FD /* MobileCoreServices.framework */,
				8B33DF74196945190080E7FD /* SystemConfiguration.framework */,
				8B33DF721969450F0080E7FD /* CFNetwork.framework */,
				8B851CC519683A29008DC90D /* Foundation.framework */,
				8B851CC719683A29008DC90D /* CoreGraphics.framework */,
				8B851CC919683A29008DC90D /* UIKit.framework */,
				8B851CDE19683A29008DC90D /* XCTest.framework */,
			);
			name = Frameworks;
			sourceTree = "<group>";
		};
		8B851CCB19683A29008DC90D /* Dinner */ = {
			isa = PBXGroup;
			children = (
				8BC6FF3C196C23530093A476 /* resource */,
				8B33DF7A196973CF0080E7FD /* lib */,
				8B851CFD196840FE008DC90D /* app */,
				8B851CF619683DD8008DC90D /* base */,
				8B851CF519683A6E008DC90D /* conf */,
				8B851CF419683A60008DC90D /* class */,
				8B851CD719683A29008DC90D /* Images.xcassets */,
				8B851CCC19683A29008DC90D /* Supporting Files */,
			);
			path = Dinner;
			sourceTree = "<group>";
		};
		8B851CCC19683A29008DC90D /* Supporting Files */ = {
			isa = PBXGroup;
			children = (
				8B851CCD19683A29008DC90D /* Dinner-Info.plist */,
				8B851CCE19683A29008DC90D /* InfoPlist.strings */,
				8B851CD119683A29008DC90D /* main.m */,
				8B851CD319683A29008DC90D /* Dinner-Prefix.pch */,
			);
			name = "Supporting Files";
			sourceTree = "<group>";
		};
		8B851CE419683A29008DC90D /* DinnerTests */ = {
			isa = PBXGroup;
			children = (
				8B851CEA19683A29008DC90D /* DinnerTests.m */,
				8B851CE519683A29008DC90D /* Supporting Files */,
			);
			path = DinnerTests;
			sourceTree = "<group>";
		};
		8B851CE519683A29008DC90D /* Supporting Files */ = {
			isa = PBXGroup;
			children = (
				8B851CE619683A29008DC90D /* DinnerTests-Info.plist */,
				8B851CE719683A29008DC90D /* InfoPlist.strings */,
			);
			name = "Supporting Files";
			sourceTree = "<group>";
		};
		8B851CF419683A60008DC90D /* class */ = {
			isa = PBXGroup;
			children = (
				8B33DF7B1969835D0080E7FD /* ShopTableViewCell.h */,
				8B33DF7C1969835D0080E7FD /* ShopTableViewCell.m */,
				66F08606196CCCD700AD70B1 /* MenuTableViewCell.h */,
				66F08607196CCCD700AD70B1 /* MenuTableViewCell.m */,
			);
			name = class;
			sourceTree = "<group>";
		};
		8B851CF519683A6E008DC90D /* conf */ = {
			isa = PBXGroup;
			children = (
				8B33DF3519693D270080E7FD /* config.h */,
			);
			name = conf;
			sourceTree = "<group>";
		};
		8B851CF619683DD8008DC90D /* base */ = {
			isa = PBXGroup;
			children = (
				8B851CD419683A29008DC90D /* AppDelegate.h */,
				8B851CD519683A29008DC90D /* AppDelegate.m */,
				8B851CFA19683F7A008DC90D /* BaseNavigationController.h */,
				8B851CFB19683F7A008DC90D /* BaseNavigationController.m */,
				8B851CF719683E8F008DC90D /* BaseTabBarController.h */,
				8B851CF819683E8F008DC90D /* BaseTabBarController.m */,
			);
			name = base;
			sourceTree = "<group>";
		};
		8B851CFD196840FE008DC90D /* app */ = {
			isa = PBXGroup;
			children = (
				8B851CFE19684125008DC90D /* HomeViewController.h */,
				8B851CFF19684125008DC90D /* HomeViewController.m */,
				8B851D011968413B008DC90D /* CenterViewController.h */,
				8B851D021968413B008DC90D /* CenterViewController.m */,
				8B851D0419684215008DC90D /* MoreViewController.h */,
				8B851D0519684215008DC90D /* MoreViewController.m */,
				8B851D0719684C35008DC90D /* MenuViewController.h */,
				8B851D0819684C35008DC90D /* MenuViewController.m */,
				660BF2E6196AA729003EA75D /* LoginViewController.h */,
				660BF2E7196AA729003EA75D /* LoginViewController.m */,
				8BC6FF3D196C2D6B0093A476 /* CartViewController.h */,
				8BC6FF3E196C2D6B0093A476 /* CartViewController.m */,
			);
			name = app;
			sourceTree = "<group>";
		};
		8BC6FF3C196C23530093A476 /* resource */ = {
			isa = PBXGroup;
			children = (
				663C9A21196CC1B600BEDC4A /* image */,
			);
			name = resource;
			sourceTree = "<group>";
		};
/* End PBXGroup section */

/* Begin PBXNativeTarget section */
		8B851CC119683A29008DC90D /* Dinner */ = {
			isa = PBXNativeTarget;
			buildConfigurationList = 8B851CEE19683A29008DC90D /* Build configuration list for PBXNativeTarget "Dinner" */;
			buildPhases = (
				8B851CBE19683A29008DC90D /* Sources */,
				8B851CBF19683A29008DC90D /* Frameworks */,
				8B851CC019683A29008DC90D /* Resources */,
			);
			buildRules = (
			);
			dependencies = (
			);
			name = Dinner;
			productName = Dinner;
			productReference = 8B851CC219683A29008DC90D /* Dinner.app */;
			productType = "com.apple.product-type.application";
		};
		8B851CDC19683A29008DC90D /* DinnerTests */ = {
			isa = PBXNativeTarget;
			buildConfigurationList = 8B851CF119683A29008DC90D /* Build configuration list for PBXNativeTarget "DinnerTests" */;
			buildPhases = (
				8B851CD919683A29008DC90D /* Sources */,
				8B851CDA19683A29008DC90D /* Frameworks */,
				8B851CDB19683A29008DC90D /* Resources */,
			);
			buildRules = (
			);
			dependencies = (
				8B851CE319683A29008DC90D /* PBXTargetDependency */,
			);
			name = DinnerTests;
			productName = DinnerTests;
			productReference = 8B851CDD19683A29008DC90D /* DinnerTests.xctest */;
			productType = "com.apple.product-type.bundle.unit-test";
		};
/* End PBXNativeTarget section */

/* Begin PBXProject section */
		8B851CBA19683A29008DC90D /* Project object */ = {
			isa = PBXProject;
			attributes = {
				LastUpgradeCheck = 0510;
				ORGANIZATIONNAME = "周加飞";
				TargetAttributes = {
					8B851CDC19683A29008DC90D = {
						TestTargetID = 8B851CC119683A29008DC90D;
					};
				};
			};
			buildConfigurationList = 8B851CBD19683A29008DC90D /* Build configuration list for PBXProject "Dinner" */;
			compatibilityVersion = "Xcode 3.2";
			developmentRegion = English;
			hasScannedForEncodings = 0;
			knownRegions = (
				en,
			);
			mainGroup = 8B851CB919683A29008DC90D;
			productRefGroup = 8B851CC319683A29008DC90D /* Products */;
			projectDirPath = "";
			projectRoot = "";
			targets = (
				8B851CC119683A29008DC90D /* Dinner */,
				8B851CDC19683A29008DC90D /* DinnerTests */,
			);
		};
/* End PBXProject section */

/* Begin PBXResourcesBuildPhase section */
		8B851CC019683A29008DC90D /* Resources */ = {
			isa = PBXResourcesBuildPhase;
			buildActionMask = 2147483647;
			files = (
				8B851CD019683A29008DC90D /* InfoPlist.strings in Resources */,
				66E9AE8E196A806F00558097 /* blackArrow.png in Resources */,
				66F0860F196CF64C00AD70B1 /* nav_comment_active.png in Resources */,
				8B851CD819683A29008DC90D /* Images.xcassets in Resources */,
				663C9A2B196CC20100BEDC4A /* cog_01@2x.png in Resources */,
				66E9AE95196A806F00558097 /* whiteArrow@2x.png in Resources */,
				66E9AE93196A806F00558097 /* grayArrow@2x.png in Resources */,
				66E9AE91196A806F00558097 /* blueArrow@2x.png in Resources */,
				66F08610196CF64C00AD70B1 /* nav_comment_active@2x.png in Resources */,
				663C9A23196CC1C800BEDC4A /* trolley@2x.png in Resources */,
				663C9A2F196CC23500BEDC4A /* people@2x.png in Resources */,
				66F08613196CF6D400AD70B1 /* user.png in Resources */,
				66F0860C196CE5E100AD70B1 /* star.png in Resources */,
				663C9A27196CC1E400BEDC4A /* house.png in Resources */,
				66E9AE90196A806F00558097 /* blueArrow.png in Resources */,
				66F0860A196CE5C800AD70B1 /* star@2x.png in Resources */,
				66E9AEAE196A86E100558097 /* dinner.db in Resources */,
				66E9AE8F196A806F00558097 /* blackArrow@2x.png in Resources */,
				663C9A2D196CC21000BEDC4A /* cog_01.png in Resources */,
				66E9AE94196A806F00558097 /* whiteArrow.png in Resources */,
				663C9A25196CC1D500BEDC4A /* trolley.png in Resources */,
				66F08614196CF6D400AD70B1 /* user@2x.png in Resources */,
				663C9A29196CC1F100BEDC4A /* house@2x.png in Resources */,
				66E9AE92196A806F00558097 /* grayArrow.png in Resources */,
				663C9A31196CC24000BEDC4A /* people.png in Resources */,
				8B33DF82196994C90080E7FD /* ProgressHUD.bundle in Resources */,
			);
			runOnlyForDeploymentPostprocessing = 0;
		};
		8B851CDB19683A29008DC90D /* Resources */ = {
			isa = PBXResourcesBuildPhase;
			buildActionMask = 2147483647;
			files = (
				8B851CE919683A29008DC90D /* InfoPlist.strings in Resources */,
			);
			runOnlyForDeploymentPostprocessing = 0;
		};
/* End PBXResourcesBuildPhase section */

/* Begin PBXSourcesBuildPhase section */
		8B851CBE19683A29008DC90D /* Sources */ = {
			isa = PBXSourcesBuildPhase;
			buildActionMask = 2147483647;
			files = (
				8B33DF7D1969835D0080E7FD /* ShopTableViewCell.m in Sources */,
				8B33DFA0196996400080E7FD /* ASIHTTPRequest.m in Sources */,
				8B33DFA2196996400080E7FD /* ASINetworkQueue.m in Sources */,
				8B33DFA1196996400080E7FD /* ASIInputStream.m in Sources */,
				660BF2E8196AA729003EA75D /* LoginViewController.m in Sources */,
				8B851CFC19683F7A008DC90D /* BaseNavigationController.m in Sources */,
				8B33DF9D196996400080E7FD /* ASIDataDecompressor.m in Sources */,
				8B851CD619683A29008DC90D /* AppDelegate.m in Sources */,
				8B851CF919683E8F008DC90D /* BaseTabBarController.m in Sources */,
				66E9AEA9196A86E100558097 /* FMDatabase.m in Sources */,
				66E9AEA7196A86E100558097 /* DataBase.m in Sources */,
				8B851D0919684C35008DC90D /* MenuViewController.m in Sources */,
				8B33DF9E196996400080E7FD /* ASIDownloadCache.m in Sources */,
				8BC6FF3F196C2D6B0093A476 /* CartViewController.m in Sources */,
				66E9AEAB196A86E100558097 /* FMDatabasePool.m in Sources */,
				8B33DFA3196996400080E7FD /* Reachability.m in Sources */,
				8B33DF83196994C90080E7FD /* ProgressHUD.m in Sources */,
				66E9AEAD196A86E100558097 /* FMResultSet.m in Sources */,
				66E9AE8D196A806F00558097 /* EGORefreshTableHeaderView.m in Sources */,
				8B33DF9C196996400080E7FD /* ASIDataCompressor.m in Sources */,
				66E9AEAC196A86E100558097 /* FMDatabaseQueue.m in Sources */,
				8B851D0019684125008DC90D /* HomeViewController.m in Sources */,
				66F08608196CCCD700AD70B1 /* MenuTableViewCell.m in Sources */,
				8B33DF9F196996400080E7FD /* ASIFormDataRequest.m in Sources */,
				8B851CD219683A29008DC90D /* main.m in Sources */,
				8B851D0619684215008DC90D /* MoreViewController.m in Sources */,
				8B851D031968413B008DC90D /* CenterViewController.m in Sources */,
				66E9AEA8196A86E100558097 /* DataManage.m in Sources */,
				8B33DF9B196996400080E7FD /* ASIAuthenticationDialog.m in Sources */,
				66E9AEAA196A86E100558097 /* FMDatabaseAdditions.m in Sources */,
			);
			runOnlyForDeploymentPostprocessing = 0;
		};
		8B851CD919683A29008DC90D /* Sources */ = {
			isa = PBXSourcesBuildPhase;
			buildActionMask = 2147483647;
			files = (
				8B851CEB19683A29008DC90D /* DinnerTests.m in Sources */,
			);
			runOnlyForDeploymentPostprocessing = 0;
		};
/* End PBXSourcesBuildPhase section */

/* Begin PBXTargetDependency section */
		8B851CE319683A29008DC90D /* PBXTargetDependency */ = {
			isa = PBXTargetDependency;
			target = 8B851CC119683A29008DC90D /* Dinner */;
			targetProxy = 8B851CE219683A29008DC90D /* PBXContainerItemProxy */;
		};
/* End PBXTargetDependency section */

/* Begin PBXVariantGroup section */
		8B851CCE19683A29008DC90D /* InfoPlist.strings */ = {
			isa = PBXVariantGroup;
			children = (
				8B851CCF19683A29008DC90D /* en */,
			);
			name = InfoPlist.strings;
			sourceTree = "<group>";
		};
		8B851CE719683A29008DC90D /* InfoPlist.strings */ = {
			isa = PBXVariantGroup;
			children = (
				8B851CE819683A29008DC90D /* en */,
			);
			name = InfoPlist.strings;
			sourceTree = "<group>";
		};
/* End PBXVariantGroup section */

/* Begin XCBuildConfiguration section */
		8B851CEC19683A29008DC90D /* Debug */ = {
			isa = XCBuildConfiguration;
			buildSettings = {
				ALWAYS_SEARCH_USER_PATHS = NO;
				CLANG_CXX_LANGUAGE_STANDARD = "gnu++0x";
				CLANG_CXX_LIBRARY = "libc++";
				CLANG_ENABLE_MODULES = YES;
				CLANG_ENABLE_OBJC_ARC = YES;
				CLANG_WARN_BOOL_CONVERSION = YES;
				CLANG_WARN_CONSTANT_CONVERSION = YES;
				CLANG_WARN_DIRECT_OBJC_ISA_USAGE = YES_ERROR;
				CLANG_WARN_EMPTY_BODY = YES;
				CLANG_WARN_ENUM_CONVERSION = YES;
				CLANG_WARN_INT_CONVERSION = YES;
				CLANG_WARN_OBJC_ROOT_CLASS = YES_ERROR;
				CLANG_WARN__DUPLICATE_METHOD_MATCH = YES;
				"CODE_SIGN_IDENTITY[sdk=iphoneos*]" = "iPhone Developer";
				COPY_PHASE_STRIP = NO;
				GCC_C_LANGUAGE_STANDARD = gnu99;
				GCC_DYNAMIC_NO_PIC = NO;
				GCC_OPTIMIZATION_LEVEL = 0;
				GCC_PREPROCESSOR_DEFINITIONS = (
					"DEBUG=1",
					"$(inherited)",
				);
				GCC_SYMBOLS_PRIVATE_EXTERN = NO;
				GCC_WARN_64_TO_32_BIT_CONVERSION = YES;
				GCC_WARN_ABOUT_RETURN_TYPE = YES_ERROR;
				GCC_WARN_UNDECLARED_SELECTOR = YES;
				GCC_WARN_UNINITIALIZED_AUTOS = YES_AGGRESSIVE;
				GCC_WARN_UNUSED_FUNCTION = YES;
				GCC_WARN_UNUSED_VARIABLE = YES;
				IPHONEOS_DEPLOYMENT_TARGET = 7.1;
				ONLY_ACTIVE_ARCH = YES;
				SDKROOT = iphoneos;
			};
			name = Debug;
		};
		8B851CED19683A29008DC90D /* Release */ = {
			isa = XCBuildConfiguration;
			buildSettings = {
				ALWAYS_SEARCH_USER_PATHS = NO;
				CLANG_CXX_LANGUAGE_STANDARD = "gnu++0x";
				CLANG_CXX_LIBRARY = "libc++";
				CLANG_ENABLE_MODULES = YES;
				CLANG_ENABLE_OBJC_ARC = YES;
				CLANG_WARN_BOOL_CONVERSION = YES;
				CLANG_WARN_CONSTANT_CONVERSION = YES;
				CLANG_WARN_DIRECT_OBJC_ISA_USAGE = YES_ERROR;
				CLANG_WARN_EMPTY_BODY = YES;
				CLANG_WARN_ENUM_CONVERSION = YES;
				CLANG_WARN_INT_CONVERSION = YES;
				CLANG_WARN_OBJC_ROOT_CLASS = YES_ERROR;
				CLANG_WARN__DUPLICATE_METHOD_MATCH = YES;
				"CODE_SIGN_IDENTITY[sdk=iphoneos*]" = "iPhone Developer";
				COPY_PHASE_STRIP = YES;
				ENABLE_NS_ASSERTIONS = NO;
				GCC_C_LANGUAGE_STANDARD = gnu99;
				GCC_WARN_64_TO_32_BIT_CONVERSION = YES;
				GCC_WARN_ABOUT_RETURN_TYPE = YES_ERROR;
				GCC_WARN_UNDECLARED_SELECTOR = YES;
				GCC_WARN_UNINITIALIZED_AUTOS = YES_AGGRESSIVE;
				GCC_WARN_UNUSED_FUNCTION = YES;
				GCC_WARN_UNUSED_VARIABLE = YES;
				IPHONEOS_DEPLOYMENT_TARGET = 7.1;
				SDKROOT = iphoneos;
				VALIDATE_PRODUCT = YES;
			};
			name = Release;
		};
		8B851CEF19683A29008DC90D /* Debug */ = {
			isa = XCBuildConfiguration;
			buildSettings = {
				ASSETCATALOG_COMPILER_APPICON_NAME = AppIcon;
				ASSETCATALOG_COMPILER_LAUNCHIMAGE_NAME = LaunchImage;
				GCC_PRECOMPILE_PREFIX_HEADER = YES;
				GCC_PREFIX_HEADER = "Dinner/Dinner-Prefix.pch";
				INFOPLIST_FILE = "Dinner/Dinner-Info.plist";
				PRODUCT_NAME = "$(TARGET_NAME)";
				WRAPPER_EXTENSION = app;
			};
			name = Debug;
		};
		8B851CF019683A29008DC90D /* Release */ = {
			isa = XCBuildConfiguration;
			buildSettings = {
				ASSETCATALOG_COMPILER_APPICON_NAME = AppIcon;
				ASSETCATALOG_COMPILER_LAUNCHIMAGE_NAME = LaunchImage;
				GCC_PRECOMPILE_PREFIX_HEADER = YES;
				GCC_PREFIX_HEADER = "Dinner/Dinner-Prefix.pch";
				INFOPLIST_FILE = "Dinner/Dinner-Info.plist";
				PRODUCT_NAME = "$(TARGET_NAME)";
				WRAPPER_EXTENSION = app;
			};
			name = Release;
		};
		8B851CF219683A29008DC90D /* Debug */ = {
			isa = XCBuildConfiguration;
			buildSettings = {
				BUNDLE_LOADER = "$(BUILT_PRODUCTS_DIR)/Dinner.app/Dinner";
				FRAMEWORK_SEARCH_PATHS = (
					"$(SDKROOT)/Developer/Library/Frameworks",
					"$(inherited)",
					"$(DEVELOPER_FRAMEWORKS_DIR)",
				);
				GCC_PRECOMPILE_PREFIX_HEADER = YES;
				GCC_PREFIX_HEADER = "Dinner/Dinner-Prefix.pch";
				GCC_PREPROCESSOR_DEFINITIONS = (
					"DEBUG=1",
					"$(inherited)",
				);
				INFOPLIST_FILE = "DinnerTests/DinnerTests-Info.plist";
				PRODUCT_NAME = "$(TARGET_NAME)";
				TEST_HOST = "$(BUNDLE_LOADER)";
				WRAPPER_EXTENSION = xctest;
			};
			name = Debug;
		};
		8B851CF319683A29008DC90D /* Release */ = {
			isa = XCBuildConfiguration;
			buildSettings = {
				BUNDLE_LOADER = "$(BUILT_PRODUCTS_DIR)/Dinner.app/Dinner";
				FRAMEWORK_SEARCH_PATHS = (
					"$(SDKROOT)/Developer/Library/Frameworks",
					"$(inherited)",
					"$(DEVELOPER_FRAMEWORKS_DIR)",
				);
				GCC_PRECOMPILE_PREFIX_HEADER = YES;
				GCC_PREFIX_HEADER = "Dinner/Dinner-Prefix.pch";
				INFOPLIST_FILE = "DinnerTests/DinnerTests-Info.plist";
				PRODUCT_NAME = "$(TARGET_NAME)";
				TEST_HOST = "$(BUNDLE_LOADER)";
				WRAPPER_EXTENSION = xctest;
			};
			name = Release;
		};
/* End XCBuildConfiguration section */

/* Begin XCConfigurationList section */
		8B851CBD19683A29008DC90D /* Build configuration list for PBXProject "Dinner" */ = {
			isa = XCConfigurationList;
			buildConfigurations = (
				8B851CEC19683A29008DC90D /* Debug */,
				8B851CED19683A29008DC90D /* Release */,
			);
			defaultConfigurationIsVisible = 0;
			defaultConfigurationName = Release;
		};
		8B851CEE19683A29008DC90D /* Build configuration list for PBXNativeTarget "Dinner" */ = {
			isa = XCConfigurationList;
			buildConfigurations = (
				8B851CEF19683A29008DC90D /* Debug */,
				8B851CF019683A29008DC90D /* Release */,
			);
			defaultConfigurationIsVisible = 0;
			defaultConfigurationName = Release;
		};
		8B851CF119683A29008DC90D /* Build configuration list for PBXNativeTarget "DinnerTests" */ = {
			isa = XCConfigurationList;
			buildConfigurations = (
				8B851CF219683A29008DC90D /* Debug */,
				8B851CF319683A29008DC90D /* Release */,
			);
			defaultConfigurationIsVisible = 0;
			defaultConfigurationName = Release;
		};
/* End XCConfigurationList section */
	};
	rootObject = 8B851CBA19683A29008DC90D /* Project object */;
}
